{
    "version": 3,
    "terraform_version": "0.11.7",
    "serial": 18,
    "lineage": "ac42c0f4-1976-aedd-13b2-a5824c1819a8",
    "modules": [
        {
            "path": [
                "root"
            ],
            "outputs": {
                "instance_dns_list": {
                    "sensitive": false,
                    "type": "string",
                    "value": "ec2-54-167-243-109.compute-1.amazonaws.com:10000,ec2-52-204-33-56.compute-1.amazonaws.com"
                }
            },
            "resources": {
                "aws_instance.lab_node.0": {
                    "type": "aws_instance",
                    "depends_on": [
                        "aws_security_group.lab_sg"
                    ],
                    "primary": {
                        "id": "i-04a750ad44847e4c2",
                        "attributes": {
                            "ami": "ami-2597ca5a",
                            "associate_public_ip_address": "true",
                            "availability_zone": "us-east-1d",
                            "credit_specification.#": "1",
                            "credit_specification.0.cpu_credits": "standard",
                            "disable_api_termination": "false",
                            "ebs_block_device.#": "0",
                            "ebs_optimized": "false",
                            "ephemeral_block_device.#": "0",
                            "get_password_data": "false",
                            "iam_instance_profile": "",
                            "id": "i-04a750ad44847e4c2",
                            "instance_state": "running",
                            "instance_type": "t2.medium",
                            "ipv6_addresses.#": "0",
                            "key_name": "",
                            "monitoring": "false",
                            "network_interface.#": "0",
                            "network_interface_id": "eni-2b930015",
                            "password_data": "",
                            "placement_group": "",
                            "primary_network_interface_id": "eni-2b930015",
                            "private_dns": "ip-172-31-35-7.ec2.internal",
                            "private_ip": "172.31.35.7",
                            "public_dns": "ec2-54-167-243-109.compute-1.amazonaws.com",
                            "public_ip": "54.167.243.109",
                            "root_block_device.#": "1",
                            "root_block_device.0.delete_on_termination": "true",
                            "root_block_device.0.iops": "100",
                            "root_block_device.0.volume_id": "vol-0ba1e510adf00abae",
                            "root_block_device.0.volume_size": "20",
                            "root_block_device.0.volume_type": "gp2",
                            "security_groups.#": "1",
                            "security_groups.1225316666": "JUC2018_lab_sg",
                            "source_dest_check": "true",
                            "subnet_id": "subnet-0ff1c254",
                            "tags.%": "1",
                            "tags.Name": "JUC2018_lab_0",
                            "tenancy": "default",
                            "volume_tags.%": "0",
                            "vpc_security_group_ids.#": "1",
                            "vpc_security_group_ids.2969675957": "sg-3e157575"
                        },
                        "meta": {
                            "e2bfb730-ecaa-11e6-8f88-34363bc7c4c0": {
                                "create": 600000000000,
                                "delete": 1200000000000,
                                "update": 600000000000
                            },
                            "schema_version": "1"
                        },
                        "tainted": false
                    },
                    "deposed": [],
                    "provider": "provider.aws"
                },
                "aws_instance.lab_node.1": {
                    "type": "aws_instance",
                    "depends_on": [
                        "aws_security_group.lab_sg"
                    ],
                    "primary": {
                        "id": "i-0458f0832f63b9196",
                        "attributes": {
                            "ami": "ami-2597ca5a",
                            "associate_public_ip_address": "true",
                            "availability_zone": "us-east-1d",
                            "credit_specification.#": "1",
                            "credit_specification.0.cpu_credits": "standard",
                            "disable_api_termination": "false",
                            "ebs_block_device.#": "0",
                            "ebs_optimized": "false",
                            "ephemeral_block_device.#": "0",
                            "get_password_data": "false",
                            "iam_instance_profile": "",
                            "id": "i-0458f0832f63b9196",
                            "instance_state": "running",
                            "instance_type": "t2.medium",
                            "ipv6_addresses.#": "0",
                            "key_name": "",
                            "monitoring": "false",
                            "network_interface.#": "0",
                            "network_interface_id": "eni-959201ab",
                            "password_data": "",
                            "placement_group": "",
                            "primary_network_interface_id": "eni-959201ab",
                            "private_dns": "ip-172-31-42-44.ec2.internal",
                            "private_ip": "172.31.42.44",
                            "public_dns": "ec2-52-204-33-56.compute-1.amazonaws.com",
                            "public_ip": "52.204.33.56",
                            "root_block_device.#": "1",
                            "root_block_device.0.delete_on_termination": "true",
                            "root_block_device.0.iops": "100",
                            "root_block_device.0.volume_id": "vol-0535153d5bcd48180",
                            "root_block_device.0.volume_size": "20",
                            "root_block_device.0.volume_type": "gp2",
                            "security_groups.#": "1",
                            "security_groups.1225316666": "JUC2018_lab_sg",
                            "source_dest_check": "true",
                            "subnet_id": "subnet-0ff1c254",
                            "tags.%": "1",
                            "tags.Name": "JUC2018_lab_1",
                            "tenancy": "default",
                            "volume_tags.%": "0",
                            "vpc_security_group_ids.#": "1",
                            "vpc_security_group_ids.2969675957": "sg-3e157575"
                        },
                        "meta": {
                            "e2bfb730-ecaa-11e6-8f88-34363bc7c4c0": {
                                "create": 600000000000,
                                "delete": 1200000000000,
                                "update": 600000000000
                            },
                            "schema_version": "1"
                        },
                        "tainted": false
                    },
                    "deposed": [],
                    "provider": "provider.aws"
                },
                "aws_security_group.lab_sg": {
                    "type": "aws_security_group",
                    "depends_on": [],
                    "primary": {
                        "id": "sg-3e157575",
                        "attributes": {
                            "arn": "arn:aws:ec2:us-east-1:377331541806:security-group/sg-3e157575",
                            "description": "Managed by Terraform",
                            "egress.#": "2",
                            "egress.2214680975.cidr_blocks.#": "1",
                            "egress.2214680975.cidr_blocks.0": "0.0.0.0/0",
                            "egress.2214680975.description": "",
                            "egress.2214680975.from_port": "80",
                            "egress.2214680975.ipv6_cidr_blocks.#": "0",
                            "egress.2214680975.prefix_list_ids.#": "0",
                            "egress.2214680975.protocol": "tcp",
                            "egress.2214680975.security_groups.#": "0",
                            "egress.2214680975.self": "false",
                            "egress.2214680975.to_port": "80",
                            "egress.2617001939.cidr_blocks.#": "1",
                            "egress.2617001939.cidr_blocks.0": "0.0.0.0/0",
                            "egress.2617001939.description": "",
                            "egress.2617001939.from_port": "443",
                            "egress.2617001939.ipv6_cidr_blocks.#": "0",
                            "egress.2617001939.prefix_list_ids.#": "0",
                            "egress.2617001939.protocol": "tcp",
                            "egress.2617001939.security_groups.#": "0",
                            "egress.2617001939.self": "false",
                            "egress.2617001939.to_port": "443",
                            "id": "sg-3e157575",
                            "ingress.#": "2",
                            "ingress.1740026394.cidr_blocks.#": "1",
                            "ingress.1740026394.cidr_blocks.0": "0.0.0.0/0",
                            "ingress.1740026394.description": "",
                            "ingress.1740026394.from_port": "10000",
                            "ingress.1740026394.ipv6_cidr_blocks.#": "0",
                            "ingress.1740026394.protocol": "tcp",
                            "ingress.1740026394.security_groups.#": "0",
                            "ingress.1740026394.self": "false",
                            "ingress.1740026394.to_port": "10000",
                            "ingress.2541437006.cidr_blocks.#": "1",
                            "ingress.2541437006.cidr_blocks.0": "0.0.0.0/0",
                            "ingress.2541437006.description": "",
                            "ingress.2541437006.from_port": "22",
                            "ingress.2541437006.ipv6_cidr_blocks.#": "0",
                            "ingress.2541437006.protocol": "tcp",
                            "ingress.2541437006.security_groups.#": "0",
                            "ingress.2541437006.self": "false",
                            "ingress.2541437006.to_port": "22",
                            "name": "JUC2018_lab_sg",
                            "owner_id": "377331541806",
                            "revoke_rules_on_delete": "false",
                            "tags.%": "0",
                            "vpc_id": "vpc-a5d986c3"
                        },
                        "meta": {
                            "e2bfb730-ecaa-11e6-8f88-34363bc7c4c0": {
                                "create": 600000000000,
                                "delete": 600000000000
                            },
                            "schema_version": "1"
                        },
                        "tainted": false
                    },
                    "deposed": [],
                    "provider": "provider.aws"
                }
            },
            "depends_on": []
        }
    ]
}
