{
    "version": 3,
    "terraform_version": "0.11.7",
    "serial": 22,
    "lineage": "ac42c0f4-1976-aedd-13b2-a5824c1819a8",
    "modules": [
        {
            "path": [
                "root"
            ],
            "outputs": {
                "instance_dns_list": {
                    "sensitive": false,
                    "type": "string",
                    "value": "ec2-34-207-54-52.compute-1.amazonaws.com:10000,ec2-54-208-47-198.compute-1.amazonaws.com:10000,ec2-54-172-9-207.compute-1.amazonaws.com:10000,ec2-18-209-101-191.compute-1.amazonaws.com:10000,ec2-54-89-236-174.compute-1.amazonaws.com:10000,ec2-52-91-157-181.compute-1.amazonaws.com:10000,ec2-35-173-131-26.compute-1.amazonaws.com:10000,ec2-35-171-191-23.compute-1.amazonaws.com:10000,ec2-34-230-65-230.compute-1.amazonaws.com:10000,ec2-54-89-90-206.compute-1.amazonaws.com:10000,ec2-34-201-167-141.compute-1.amazonaws.com:10000,ec2-34-227-67-70.compute-1.amazonaws.com:10000,ec2-35-153-99-14.compute-1.amazonaws.com:10000,ec2-34-229-223-208.compute-1.amazonaws.com:10000,ec2-34-229-109-126.compute-1.amazonaws.com:10000,ec2-34-230-33-118.compute-1.amazonaws.com:10000,ec2-34-207-56-228.compute-1.amazonaws.com:10000,ec2-54-173-21-47.compute-1.amazonaws.com:10000,ec2-54-147-100-182.compute-1.amazonaws.com:10000,ec2-52-90-207-96.compute-1.amazonaws.com:10000,ec2-54-83-146-196.compute-1.amazonaws.com:10000,ec2-18-207-198-174.compute-1.amazonaws.com:10000,ec2-54-211-90-95.compute-1.amazonaws.com:10000,ec2-54-144-107-121.compute-1.amazonaws.com:10000,ec2-107-23-246-80.compute-1.amazonaws.com:10000,ec2-34-227-67-13.compute-1.amazonaws.com:10000,ec2-18-209-109-115.compute-1.amazonaws.com:10000,ec2-54-145-151-158.compute-1.amazonaws.com:10000,ec2-54-236-11-134.compute-1.amazonaws.com:10000,ec2-54-85-120-91.compute-1.amazonaws.com:10000,ec2-18-232-122-21.compute-1.amazonaws.com:10000,ec2-18-209-171-216.compute-1.amazonaws.com:10000,ec2-52-207-30-88.compute-1.amazonaws.com:10000,ec2-34-228-227-182.compute-1.amazonaws.com:10000,ec2-54-209-250-72.compute-1.amazonaws.com"
                }
            },
            "resources": {
                "aws_instance.lab_node.0": {
                    "type": "aws_instance",
                    "depends_on": [
                        "aws_security_group.lab_sg"
                    ],
                    "primary": {
                        "id": "i-0fbda3d43572ff1aa",
                        "attributes": {
                            "ami": "ami-2597ca5a",
                            "associate_public_ip_address": "true",
                            "availability_zone": "us-east-1d",
                            "credit_specification.#": "1",
                            "credit_specification.0.cpu_credits": "standard",
                            "disable_api_termination": "false",
                            "ebs_block_device.#": "0",
                            "ebs_optimized": "false",
                            "ephemeral_block_device.#": "0",
                            "get_password_data": "false",
                            "iam_instance_profile": "",
                            "id": "i-0fbda3d43572ff1aa",
                            "instance_state": "running",
                            "instance_type": "t2.medium",
                            "ipv6_addresses.#": "0",
                            "key_name": "",
                            "monitoring": "false",
                            "network_interface.#": "0",
                            "network_interface_id": "eni-839ef4bd",
                            "password_data": "",
                            "placement_group": "",
                            "primary_network_interface_id": "eni-839ef4bd",
                            "private_dns": "ip-172-31-43-22.ec2.internal",
                            "private_ip": "172.31.43.22",
                            "public_dns": "ec2-34-207-54-52.compute-1.amazonaws.com",
                            "public_ip": "34.207.54.52",
                            "root_block_device.#": "1",
                            "root_block_device.0.delete_on_termination": "true",
                            "root_block_device.0.iops": "100",
                            "root_block_device.0.volume_id": "vol-08436bef80cd458ff",
                            "root_block_device.0.volume_size": "20",
                            "root_block_device.0.volume_type": "gp2",
                            "security_groups.#": "1",
                            "security_groups.1225316666": "JUC2018_lab_sg",
                            "source_dest_check": "true",
                            "subnet_id": "subnet-0ff1c254",
                            "tags.%": "1",
                            "tags.Name": "JUC2018_lab_0",
                            "tenancy": "default",
                            "volume_tags.%": "0",
                            "vpc_security_group_ids.#": "1",
                            "vpc_security_group_ids.3582398693": "sg-33354278"
                        },
                        "meta": {
                            "e2bfb730-ecaa-11e6-8f88-34363bc7c4c0": {
                                "create": 600000000000,
                                "delete": 1200000000000,
                                "update": 600000000000
                            },
                            "schema_version": "1"
                        },
                        "tainted": false
                    },
                    "deposed": [],
                    "provider": "provider.aws"
                },
                "aws_instance.lab_node.1": {
                    "type": "aws_instance",
                    "depends_on": [
                        "aws_security_group.lab_sg"
                    ],
                    "primary": {
                        "id": "i-0cd68691d6d50ecde",
                        "attributes": {
                            "ami": "ami-2597ca5a",
                            "associate_public_ip_address": "true",
                            "availability_zone": "us-east-1d",
                            "credit_specification.#": "1",
                            "credit_specification.0.cpu_credits": "standard",
                            "disable_api_termination": "false",
                            "ebs_block_device.#": "0",
                            "ebs_optimized": "false",
                            "ephemeral_block_device.#": "0",
                            "get_password_data": "false",
                            "iam_instance_profile": "",
                            "id": "i-0cd68691d6d50ecde",
                            "instance_state": "running",
                            "instance_type": "t2.medium",
                            "ipv6_addresses.#": "0",
                            "key_name": "",
                            "monitoring": "false",
                            "network_interface.#": "0",
                            "network_interface_id": "eni-5799f369",
                            "password_data": "",
                            "placement_group": "",
                            "primary_network_interface_id": "eni-5799f369",
                            "private_dns": "ip-172-31-47-0.ec2.internal",
                            "private_ip": "172.31.47.0",
                            "public_dns": "ec2-54-208-47-198.compute-1.amazonaws.com",
                            "public_ip": "54.208.47.198",
                            "root_block_device.#": "1",
                            "root_block_device.0.delete_on_termination": "true",
                            "root_block_device.0.iops": "100",
                            "root_block_device.0.volume_id": "vol-0679bf53f91a70fa8",
                            "root_block_device.0.volume_size": "20",
                            "root_block_device.0.volume_type": "gp2",
                            "security_groups.#": "1",
                            "security_groups.1225316666": "JUC2018_lab_sg",
                            "source_dest_check": "true",
                            "subnet_id": "subnet-0ff1c254",
                            "tags.%": "1",
                            "tags.Name": "JUC2018_lab_1",
                            "tenancy": "default",
                            "volume_tags.%": "0",
                            "vpc_security_group_ids.#": "1",
                            "vpc_security_group_ids.3582398693": "sg-33354278"
                        },
                        "meta": {
                            "e2bfb730-ecaa-11e6-8f88-34363bc7c4c0": {
                                "create": 600000000000,
                                "delete": 1200000000000,
                                "update": 600000000000
                            },
                            "schema_version": "1"
                        },
                        "tainted": false
                    },
                    "deposed": [],
                    "provider": "provider.aws"
                },
                "aws_instance.lab_node.10": {
                    "type": "aws_instance",
                    "depends_on": [
                        "aws_security_group.lab_sg"
                    ],
                    "primary": {
                        "id": "i-044e50ae7e13037c0",
                        "attributes": {
                            "ami": "ami-2597ca5a",
                            "associate_public_ip_address": "true",
                            "availability_zone": "us-east-1d",
                            "credit_specification.#": "1",
                            "credit_specification.0.cpu_credits": "standard",
                            "disable_api_termination": "false",
                            "ebs_block_device.#": "0",
                            "ebs_optimized": "false",
                            "ephemeral_block_device.#": "0",
                            "get_password_data": "false",
                            "iam_instance_profile": "",
                            "id": "i-044e50ae7e13037c0",
                            "instance_state": "running",
                            "instance_type": "t2.medium",
                            "ipv6_addresses.#": "0",
                            "key_name": "",
                            "monitoring": "false",
                            "network_interface.#": "0",
                            "network_interface_id": "eni-5a92f864",
                            "password_data": "",
                            "placement_group": "",
                            "primary_network_interface_id": "eni-5a92f864",
                            "private_dns": "ip-172-31-41-72.ec2.internal",
                            "private_ip": "172.31.41.72",
                            "public_dns": "ec2-34-201-167-141.compute-1.amazonaws.com",
                            "public_ip": "34.201.167.141",
                            "root_block_device.#": "1",
                            "root_block_device.0.delete_on_termination": "true",
                            "root_block_device.0.iops": "100",
                            "root_block_device.0.volume_id": "vol-052369e0abc7655a1",
                            "root_block_device.0.volume_size": "20",
                            "root_block_device.0.volume_type": "gp2",
                            "security_groups.#": "1",
                            "security_groups.1225316666": "JUC2018_lab_sg",
                            "source_dest_check": "true",
                            "subnet_id": "subnet-0ff1c254",
                            "tags.%": "1",
                            "tags.Name": "JUC2018_lab_10",
                            "tenancy": "default",
                            "volume_tags.%": "0",
                            "vpc_security_group_ids.#": "1",
                            "vpc_security_group_ids.3582398693": "sg-33354278"
                        },
                        "meta": {
                            "e2bfb730-ecaa-11e6-8f88-34363bc7c4c0": {
                                "create": 600000000000,
                                "delete": 1200000000000,
                                "update": 600000000000
                            },
                            "schema_version": "1"
                        },
                        "tainted": false
                    },
                    "deposed": [],
                    "provider": "provider.aws"
                },
                "aws_instance.lab_node.11": {
                    "type": "aws_instance",
                    "depends_on": [
                        "aws_security_group.lab_sg"
                    ],
                    "primary": {
                        "id": "i-0eeba8f6781358a81",
                        "attributes": {
                            "ami": "ami-2597ca5a",
                            "associate_public_ip_address": "true",
                            "availability_zone": "us-east-1d",
                            "credit_specification.#": "1",
                            "credit_specification.0.cpu_credits": "standard",
                            "disable_api_termination": "false",
                            "ebs_block_device.#": "0",
                            "ebs_optimized": "false",
                            "ephemeral_block_device.#": "0",
                            "get_password_data": "false",
                            "iam_instance_profile": "",
                            "id": "i-0eeba8f6781358a81",
                            "instance_state": "running",
                            "instance_type": "t2.medium",
                            "ipv6_addresses.#": "0",
                            "key_name": "",
                            "monitoring": "false",
                            "network_interface.#": "0",
                            "network_interface_id": "eni-d39ff5ed",
                            "password_data": "",
                            "placement_group": "",
                            "primary_network_interface_id": "eni-d39ff5ed",
                            "private_dns": "ip-172-31-43-67.ec2.internal",
                            "private_ip": "172.31.43.67",
                            "public_dns": "ec2-34-227-67-70.compute-1.amazonaws.com",
                            "public_ip": "34.227.67.70",
                            "root_block_device.#": "1",
                            "root_block_device.0.delete_on_termination": "true",
                            "root_block_device.0.iops": "100",
                            "root_block_device.0.volume_id": "vol-080bf046f58cf46a3",
                            "root_block_device.0.volume_size": "20",
                            "root_block_device.0.volume_type": "gp2",
                            "security_groups.#": "1",
                            "security_groups.1225316666": "JUC2018_lab_sg",
                            "source_dest_check": "true",
                            "subnet_id": "subnet-0ff1c254",
                            "tags.%": "1",
                            "tags.Name": "JUC2018_lab_11",
                            "tenancy": "default",
                            "volume_tags.%": "0",
                            "vpc_security_group_ids.#": "1",
                            "vpc_security_group_ids.3582398693": "sg-33354278"
                        },
                        "meta": {
                            "e2bfb730-ecaa-11e6-8f88-34363bc7c4c0": {
                                "create": 600000000000,
                                "delete": 1200000000000,
                                "update": 600000000000
                            },
                            "schema_version": "1"
                        },
                        "tainted": false
                    },
                    "deposed": [],
                    "provider": "provider.aws"
                },
                "aws_instance.lab_node.12": {
                    "type": "aws_instance",
                    "depends_on": [
                        "aws_security_group.lab_sg"
                    ],
                    "primary": {
                        "id": "i-0b63128088b1c2c04",
                        "attributes": {
                            "ami": "ami-2597ca5a",
                            "associate_public_ip_address": "true",
                            "availability_zone": "us-east-1d",
                            "credit_specification.#": "1",
                            "credit_specification.0.cpu_credits": "standard",
                            "disable_api_termination": "false",
                            "ebs_block_device.#": "0",
                            "ebs_optimized": "false",
                            "ephemeral_block_device.#": "0",
                            "get_password_data": "false",
                            "iam_instance_profile": "",
                            "id": "i-0b63128088b1c2c04",
                            "instance_state": "running",
                            "instance_type": "t2.medium",
                            "ipv6_addresses.#": "0",
                            "key_name": "",
                            "monitoring": "false",
                            "network_interface.#": "0",
                            "network_interface_id": "eni-1591fb2b",
                            "password_data": "",
                            "placement_group": "",
                            "primary_network_interface_id": "eni-1591fb2b",
                            "private_dns": "ip-172-31-44-179.ec2.internal",
                            "private_ip": "172.31.44.179",
                            "public_dns": "ec2-35-153-99-14.compute-1.amazonaws.com",
                            "public_ip": "35.153.99.14",
                            "root_block_device.#": "1",
                            "root_block_device.0.delete_on_termination": "true",
                            "root_block_device.0.iops": "100",
                            "root_block_device.0.volume_id": "vol-06d784acfa064f985",
                            "root_block_device.0.volume_size": "20",
                            "root_block_device.0.volume_type": "gp2",
                            "security_groups.#": "1",
                            "security_groups.1225316666": "JUC2018_lab_sg",
                            "source_dest_check": "true",
                            "subnet_id": "subnet-0ff1c254",
                            "tags.%": "1",
                            "tags.Name": "JUC2018_lab_12",
                            "tenancy": "default",
                            "volume_tags.%": "0",
                            "vpc_security_group_ids.#": "1",
                            "vpc_security_group_ids.3582398693": "sg-33354278"
                        },
                        "meta": {
                            "e2bfb730-ecaa-11e6-8f88-34363bc7c4c0": {
                                "create": 600000000000,
                                "delete": 1200000000000,
                                "update": 600000000000
                            },
                            "schema_version": "1"
                        },
                        "tainted": false
                    },
                    "deposed": [],
                    "provider": "provider.aws"
                },
                "aws_instance.lab_node.13": {
                    "type": "aws_instance",
                    "depends_on": [
                        "aws_security_group.lab_sg"
                    ],
                    "primary": {
                        "id": "i-070c625f32ea038bc",
                        "attributes": {
                            "ami": "ami-2597ca5a",
                            "associate_public_ip_address": "true",
                            "availability_zone": "us-east-1d",
                            "credit_specification.#": "1",
                            "credit_specification.0.cpu_credits": "standard",
                            "disable_api_termination": "false",
                            "ebs_block_device.#": "0",
                            "ebs_optimized": "false",
                            "ephemeral_block_device.#": "0",
                            "get_password_data": "false",
                            "iam_instance_profile": "",
                            "id": "i-070c625f32ea038bc",
                            "instance_state": "running",
                            "instance_type": "t2.medium",
                            "ipv6_addresses.#": "0",
                            "key_name": "",
                            "monitoring": "false",
                            "network_interface.#": "0",
                            "network_interface_id": "eni-ac91fb92",
                            "password_data": "",
                            "placement_group": "",
                            "primary_network_interface_id": "eni-ac91fb92",
                            "private_dns": "ip-172-31-40-97.ec2.internal",
                            "private_ip": "172.31.40.97",
                            "public_dns": "ec2-34-229-223-208.compute-1.amazonaws.com",
                            "public_ip": "34.229.223.208",
                            "root_block_device.#": "1",
                            "root_block_device.0.delete_on_termination": "true",
                            "root_block_device.0.iops": "100",
                            "root_block_device.0.volume_id": "vol-0b796711ee1aa5467",
                            "root_block_device.0.volume_size": "20",
                            "root_block_device.0.volume_type": "gp2",
                            "security_groups.#": "1",
                            "security_groups.1225316666": "JUC2018_lab_sg",
                            "source_dest_check": "true",
                            "subnet_id": "subnet-0ff1c254",
                            "tags.%": "1",
                            "tags.Name": "JUC2018_lab_13",
                            "tenancy": "default",
                            "volume_tags.%": "0",
                            "vpc_security_group_ids.#": "1",
                            "vpc_security_group_ids.3582398693": "sg-33354278"
                        },
                        "meta": {
                            "e2bfb730-ecaa-11e6-8f88-34363bc7c4c0": {
                                "create": 600000000000,
                                "delete": 1200000000000,
                                "update": 600000000000
                            },
                            "schema_version": "1"
                        },
                        "tainted": false
                    },
                    "deposed": [],
                    "provider": "provider.aws"
                },
                "aws_instance.lab_node.14": {
                    "type": "aws_instance",
                    "depends_on": [
                        "aws_security_group.lab_sg"
                    ],
                    "primary": {
                        "id": "i-065bac1fa989d7faf",
                        "attributes": {
                            "ami": "ami-2597ca5a",
                            "associate_public_ip_address": "true",
                            "availability_zone": "us-east-1d",
                            "credit_specification.#": "1",
                            "credit_specification.0.cpu_credits": "standard",
                            "disable_api_termination": "false",
                            "ebs_block_device.#": "0",
                            "ebs_optimized": "false",
                            "ephemeral_block_device.#": "0",
                            "get_password_data": "false",
                            "iam_instance_profile": "",
                            "id": "i-065bac1fa989d7faf",
                            "instance_state": "running",
                            "instance_type": "t2.medium",
                            "ipv6_addresses.#": "0",
                            "key_name": "",
                            "monitoring": "false",
                            "network_interface.#": "0",
                            "network_interface_id": "eni-f39af0cd",
                            "password_data": "",
                            "placement_group": "",
                            "primary_network_interface_id": "eni-f39af0cd",
                            "private_dns": "ip-172-31-32-192.ec2.internal",
                            "private_ip": "172.31.32.192",
                            "public_dns": "ec2-34-229-109-126.compute-1.amazonaws.com",
                            "public_ip": "34.229.109.126",
                            "root_block_device.#": "1",
                            "root_block_device.0.delete_on_termination": "true",
                            "root_block_device.0.iops": "100",
                            "root_block_device.0.volume_id": "vol-0f44125ca4203a34e",
                            "root_block_device.0.volume_size": "20",
                            "root_block_device.0.volume_type": "gp2",
                            "security_groups.#": "1",
                            "security_groups.1225316666": "JUC2018_lab_sg",
                            "source_dest_check": "true",
                            "subnet_id": "subnet-0ff1c254",
                            "tags.%": "1",
                            "tags.Name": "JUC2018_lab_14",
                            "tenancy": "default",
                            "volume_tags.%": "0",
                            "vpc_security_group_ids.#": "1",
                            "vpc_security_group_ids.3582398693": "sg-33354278"
                        },
                        "meta": {
                            "e2bfb730-ecaa-11e6-8f88-34363bc7c4c0": {
                                "create": 600000000000,
                                "delete": 1200000000000,
                                "update": 600000000000
                            },
                            "schema_version": "1"
                        },
                        "tainted": false
                    },
                    "deposed": [],
                    "provider": "provider.aws"
                },
                "aws_instance.lab_node.15": {
                    "type": "aws_instance",
                    "depends_on": [
                        "aws_security_group.lab_sg"
                    ],
                    "primary": {
                        "id": "i-0755d7dac64d085c0",
                        "attributes": {
                            "ami": "ami-2597ca5a",
                            "associate_public_ip_address": "true",
                            "availability_zone": "us-east-1d",
                            "credit_specification.#": "1",
                            "credit_specification.0.cpu_credits": "standard",
                            "disable_api_termination": "false",
                            "ebs_block_device.#": "0",
                            "ebs_optimized": "false",
                            "ephemeral_block_device.#": "0",
                            "get_password_data": "false",
                            "iam_instance_profile": "",
                            "id": "i-0755d7dac64d085c0",
                            "instance_state": "running",
                            "instance_type": "t2.medium",
                            "ipv6_addresses.#": "0",
                            "key_name": "",
                            "monitoring": "false",
                            "network_interface.#": "0",
                            "network_interface_id": "eni-669ff558",
                            "password_data": "",
                            "placement_group": "",
                            "primary_network_interface_id": "eni-669ff558",
                            "private_dns": "ip-172-31-45-82.ec2.internal",
                            "private_ip": "172.31.45.82",
                            "public_dns": "ec2-34-230-33-118.compute-1.amazonaws.com",
                            "public_ip": "34.230.33.118",
                            "root_block_device.#": "1",
                            "root_block_device.0.delete_on_termination": "true",
                            "root_block_device.0.iops": "100",
                            "root_block_device.0.volume_id": "vol-03a999a5fe5ec31ab",
                            "root_block_device.0.volume_size": "20",
                            "root_block_device.0.volume_type": "gp2",
                            "security_groups.#": "1",
                            "security_groups.1225316666": "JUC2018_lab_sg",
                            "source_dest_check": "true",
                            "subnet_id": "subnet-0ff1c254",
                            "tags.%": "1",
                            "tags.Name": "JUC2018_lab_15",
                            "tenancy": "default",
                            "volume_tags.%": "0",
                            "vpc_security_group_ids.#": "1",
                            "vpc_security_group_ids.3582398693": "sg-33354278"
                        },
                        "meta": {
                            "e2bfb730-ecaa-11e6-8f88-34363bc7c4c0": {
                                "create": 600000000000,
                                "delete": 1200000000000,
                                "update": 600000000000
                            },
                            "schema_version": "1"
                        },
                        "tainted": false
                    },
                    "deposed": [],
                    "provider": "provider.aws"
                },
                "aws_instance.lab_node.16": {
                    "type": "aws_instance",
                    "depends_on": [
                        "aws_security_group.lab_sg"
                    ],
                    "primary": {
                        "id": "i-0c7cc3f9ffedaf950",
                        "attributes": {
                            "ami": "ami-2597ca5a",
                            "associate_public_ip_address": "true",
                            "availability_zone": "us-east-1d",
                            "credit_specification.#": "1",
                            "credit_specification.0.cpu_credits": "standard",
                            "disable_api_termination": "false",
                            "ebs_block_device.#": "0",
                            "ebs_optimized": "false",
                            "ephemeral_block_device.#": "0",
                            "get_password_data": "false",
                            "iam_instance_profile": "",
                            "id": "i-0c7cc3f9ffedaf950",
                            "instance_state": "running",
                            "instance_type": "t2.medium",
                            "ipv6_addresses.#": "0",
                            "key_name": "",
                            "monitoring": "false",
                            "network_interface.#": "0",
                            "network_interface_id": "eni-b59cf68b",
                            "password_data": "",
                            "placement_group": "",
                            "primary_network_interface_id": "eni-b59cf68b",
                            "private_dns": "ip-172-31-34-232.ec2.internal",
                            "private_ip": "172.31.34.232",
                            "public_dns": "ec2-34-207-56-228.compute-1.amazonaws.com",
                            "public_ip": "34.207.56.228",
                            "root_block_device.#": "1",
                            "root_block_device.0.delete_on_termination": "true",
                            "root_block_device.0.iops": "100",
                            "root_block_device.0.volume_id": "vol-0b0536cf1a9f4bd5a",
                            "root_block_device.0.volume_size": "20",
                            "root_block_device.0.volume_type": "gp2",
                            "security_groups.#": "1",
                            "security_groups.1225316666": "JUC2018_lab_sg",
                            "source_dest_check": "true",
                            "subnet_id": "subnet-0ff1c254",
                            "tags.%": "1",
                            "tags.Name": "JUC2018_lab_16",
                            "tenancy": "default",
                            "volume_tags.%": "0",
                            "vpc_security_group_ids.#": "1",
                            "vpc_security_group_ids.3582398693": "sg-33354278"
                        },
                        "meta": {
                            "e2bfb730-ecaa-11e6-8f88-34363bc7c4c0": {
                                "create": 600000000000,
                                "delete": 1200000000000,
                                "update": 600000000000
                            },
                            "schema_version": "1"
                        },
                        "tainted": false
                    },
                    "deposed": [],
                    "provider": "provider.aws"
                },
                "aws_instance.lab_node.17": {
                    "type": "aws_instance",
                    "depends_on": [
                        "aws_security_group.lab_sg"
                    ],
                    "primary": {
                        "id": "i-0e3d9ba7657540bac",
                        "attributes": {
                            "ami": "ami-2597ca5a",
                            "associate_public_ip_address": "true",
                            "availability_zone": "us-east-1d",
                            "credit_specification.#": "1",
                            "credit_specification.0.cpu_credits": "standard",
                            "disable_api_termination": "false",
                            "ebs_block_device.#": "0",
                            "ebs_optimized": "false",
                            "ephemeral_block_device.#": "0",
                            "get_password_data": "false",
                            "iam_instance_profile": "",
                            "id": "i-0e3d9ba7657540bac",
                            "instance_state": "running",
                            "instance_type": "t2.medium",
                            "ipv6_addresses.#": "0",
                            "key_name": "",
                            "monitoring": "false",
                            "network_interface.#": "0",
                            "network_interface_id": "eni-a99ff597",
                            "password_data": "",
                            "placement_group": "",
                            "primary_network_interface_id": "eni-a99ff597",
                            "private_dns": "ip-172-31-42-138.ec2.internal",
                            "private_ip": "172.31.42.138",
                            "public_dns": "ec2-54-173-21-47.compute-1.amazonaws.com",
                            "public_ip": "54.173.21.47",
                            "root_block_device.#": "1",
                            "root_block_device.0.delete_on_termination": "true",
                            "root_block_device.0.iops": "100",
                            "root_block_device.0.volume_id": "vol-097ac1dfac542ce6c",
                            "root_block_device.0.volume_size": "20",
                            "root_block_device.0.volume_type": "gp2",
                            "security_groups.#": "1",
                            "security_groups.1225316666": "JUC2018_lab_sg",
                            "source_dest_check": "true",
                            "subnet_id": "subnet-0ff1c254",
                            "tags.%": "1",
                            "tags.Name": "JUC2018_lab_17",
                            "tenancy": "default",
                            "volume_tags.%": "0",
                            "vpc_security_group_ids.#": "1",
                            "vpc_security_group_ids.3582398693": "sg-33354278"
                        },
                        "meta": {
                            "e2bfb730-ecaa-11e6-8f88-34363bc7c4c0": {
                                "create": 600000000000,
                                "delete": 1200000000000,
                                "update": 600000000000
                            },
                            "schema_version": "1"
                        },
                        "tainted": false
                    },
                    "deposed": [],
                    "provider": "provider.aws"
                },
                "aws_instance.lab_node.18": {
                    "type": "aws_instance",
                    "depends_on": [
                        "aws_security_group.lab_sg"
                    ],
                    "primary": {
                        "id": "i-056cff44cb2d832d8",
                        "attributes": {
                            "ami": "ami-2597ca5a",
                            "associate_public_ip_address": "true",
                            "availability_zone": "us-east-1d",
                            "credit_specification.#": "1",
                            "credit_specification.0.cpu_credits": "standard",
                            "disable_api_termination": "false",
                            "ebs_block_device.#": "0",
                            "ebs_optimized": "false",
                            "ephemeral_block_device.#": "0",
                            "get_password_data": "false",
                            "iam_instance_profile": "",
                            "id": "i-056cff44cb2d832d8",
                            "instance_state": "running",
                            "instance_type": "t2.medium",
                            "ipv6_addresses.#": "0",
                            "key_name": "",
                            "monitoring": "false",
                            "network_interface.#": "0",
                            "network_interface_id": "eni-a19cf69f",
                            "password_data": "",
                            "placement_group": "",
                            "primary_network_interface_id": "eni-a19cf69f",
                            "private_dns": "ip-172-31-33-249.ec2.internal",
                            "private_ip": "172.31.33.249",
                            "public_dns": "ec2-54-147-100-182.compute-1.amazonaws.com",
                            "public_ip": "54.147.100.182",
                            "root_block_device.#": "1",
                            "root_block_device.0.delete_on_termination": "true",
                            "root_block_device.0.iops": "100",
                            "root_block_device.0.volume_id": "vol-032bef67d3889eddc",
                            "root_block_device.0.volume_size": "20",
                            "root_block_device.0.volume_type": "gp2",
                            "security_groups.#": "1",
                            "security_groups.1225316666": "JUC2018_lab_sg",
                            "source_dest_check": "true",
                            "subnet_id": "subnet-0ff1c254",
                            "tags.%": "1",
                            "tags.Name": "JUC2018_lab_18",
                            "tenancy": "default",
                            "volume_tags.%": "0",
                            "vpc_security_group_ids.#": "1",
                            "vpc_security_group_ids.3582398693": "sg-33354278"
                        },
                        "meta": {
                            "e2bfb730-ecaa-11e6-8f88-34363bc7c4c0": {
                                "create": 600000000000,
                                "delete": 1200000000000,
                                "update": 600000000000
                            },
                            "schema_version": "1"
                        },
                        "tainted": false
                    },
                    "deposed": [],
                    "provider": "provider.aws"
                },
                "aws_instance.lab_node.19": {
                    "type": "aws_instance",
                    "depends_on": [
                        "aws_security_group.lab_sg"
                    ],
                    "primary": {
                        "id": "i-09f5be77e093f52ab",
                        "attributes": {
                            "ami": "ami-2597ca5a",
                            "associate_public_ip_address": "true",
                            "availability_zone": "us-east-1d",
                            "credit_specification.#": "1",
                            "credit_specification.0.cpu_credits": "standard",
                            "disable_api_termination": "false",
                            "ebs_block_device.#": "0",
                            "ebs_optimized": "false",
                            "ephemeral_block_device.#": "0",
                            "get_password_data": "false",
                            "iam_instance_profile": "",
                            "id": "i-09f5be77e093f52ab",
                            "instance_state": "running",
                            "instance_type": "t2.medium",
                            "ipv6_addresses.#": "0",
                            "key_name": "",
                            "monitoring": "false",
                            "network_interface.#": "0",
                            "network_interface_id": "eni-2692f818",
                            "password_data": "",
                            "placement_group": "",
                            "primary_network_interface_id": "eni-2692f818",
                            "private_dns": "ip-172-31-44-20.ec2.internal",
                            "private_ip": "172.31.44.20",
                            "public_dns": "ec2-52-90-207-96.compute-1.amazonaws.com",
                            "public_ip": "52.90.207.96",
                            "root_block_device.#": "1",
                            "root_block_device.0.delete_on_termination": "true",
                            "root_block_device.0.iops": "100",
                            "root_block_device.0.volume_id": "vol-0df7ffd04ff761387",
                            "root_block_device.0.volume_size": "20",
                            "root_block_device.0.volume_type": "gp2",
                            "security_groups.#": "1",
                            "security_groups.1225316666": "JUC2018_lab_sg",
                            "source_dest_check": "true",
                            "subnet_id": "subnet-0ff1c254",
                            "tags.%": "1",
                            "tags.Name": "JUC2018_lab_19",
                            "tenancy": "default",
                            "volume_tags.%": "0",
                            "vpc_security_group_ids.#": "1",
                            "vpc_security_group_ids.3582398693": "sg-33354278"
                        },
                        "meta": {
                            "e2bfb730-ecaa-11e6-8f88-34363bc7c4c0": {
                                "create": 600000000000,
                                "delete": 1200000000000,
                                "update": 600000000000
                            },
                            "schema_version": "1"
                        },
                        "tainted": false
                    },
                    "deposed": [],
                    "provider": "provider.aws"
                },
                "aws_instance.lab_node.2": {
                    "type": "aws_instance",
                    "depends_on": [
                        "aws_security_group.lab_sg"
                    ],
                    "primary": {
                        "id": "i-016ae27919910e70d",
                        "attributes": {
                            "ami": "ami-2597ca5a",
                            "associate_public_ip_address": "true",
                            "availability_zone": "us-east-1d",
                            "credit_specification.#": "1",
                            "credit_specification.0.cpu_credits": "standard",
                            "disable_api_termination": "false",
                            "ebs_block_device.#": "0",
                            "ebs_optimized": "false",
                            "ephemeral_block_device.#": "0",
                            "get_password_data": "false",
                            "iam_instance_profile": "",
                            "id": "i-016ae27919910e70d",
                            "instance_state": "running",
                            "instance_type": "t2.medium",
                            "ipv6_addresses.#": "0",
                            "key_name": "",
                            "monitoring": "false",
                            "network_interface.#": "0",
                            "network_interface_id": "eni-a09df79e",
                            "password_data": "",
                            "placement_group": "",
                            "primary_network_interface_id": "eni-a09df79e",
                            "private_dns": "ip-172-31-39-25.ec2.internal",
                            "private_ip": "172.31.39.25",
                            "public_dns": "ec2-54-172-9-207.compute-1.amazonaws.com",
                            "public_ip": "54.172.9.207",
                            "root_block_device.#": "1",
                            "root_block_device.0.delete_on_termination": "true",
                            "root_block_device.0.iops": "100",
                            "root_block_device.0.volume_id": "vol-0ae84e883f0188e6b",
                            "root_block_device.0.volume_size": "20",
                            "root_block_device.0.volume_type": "gp2",
                            "security_groups.#": "1",
                            "security_groups.1225316666": "JUC2018_lab_sg",
                            "source_dest_check": "true",
                            "subnet_id": "subnet-0ff1c254",
                            "tags.%": "1",
                            "tags.Name": "JUC2018_lab_2",
                            "tenancy": "default",
                            "volume_tags.%": "0",
                            "vpc_security_group_ids.#": "1",
                            "vpc_security_group_ids.3582398693": "sg-33354278"
                        },
                        "meta": {
                            "e2bfb730-ecaa-11e6-8f88-34363bc7c4c0": {
                                "create": 600000000000,
                                "delete": 1200000000000,
                                "update": 600000000000
                            },
                            "schema_version": "1"
                        },
                        "tainted": false
                    },
                    "deposed": [],
                    "provider": "provider.aws"
                },
                "aws_instance.lab_node.20": {
                    "type": "aws_instance",
                    "depends_on": [
                        "aws_security_group.lab_sg"
                    ],
                    "primary": {
                        "id": "i-05d6adad9b6dd4406",
                        "attributes": {
                            "ami": "ami-2597ca5a",
                            "associate_public_ip_address": "true",
                            "availability_zone": "us-east-1d",
                            "credit_specification.#": "1",
                            "credit_specification.0.cpu_credits": "standard",
                            "disable_api_termination": "false",
                            "ebs_block_device.#": "0",
                            "ebs_optimized": "false",
                            "ephemeral_block_device.#": "0",
                            "get_password_data": "false",
                            "iam_instance_profile": "",
                            "id": "i-05d6adad9b6dd4406",
                            "instance_state": "running",
                            "instance_type": "t2.medium",
                            "ipv6_addresses.#": "0",
                            "key_name": "",
                            "monitoring": "false",
                            "network_interface.#": "0",
                            "network_interface_id": "eni-7d9cf643",
                            "password_data": "",
                            "placement_group": "",
                            "primary_network_interface_id": "eni-7d9cf643",
                            "private_dns": "ip-172-31-37-19.ec2.internal",
                            "private_ip": "172.31.37.19",
                            "public_dns": "ec2-54-83-146-196.compute-1.amazonaws.com",
                            "public_ip": "54.83.146.196",
                            "root_block_device.#": "1",
                            "root_block_device.0.delete_on_termination": "true",
                            "root_block_device.0.iops": "100",
                            "root_block_device.0.volume_id": "vol-039a8b9950401e373",
                            "root_block_device.0.volume_size": "20",
                            "root_block_device.0.volume_type": "gp2",
                            "security_groups.#": "1",
                            "security_groups.1225316666": "JUC2018_lab_sg",
                            "source_dest_check": "true",
                            "subnet_id": "subnet-0ff1c254",
                            "tags.%": "1",
                            "tags.Name": "JUC2018_lab_20",
                            "tenancy": "default",
                            "volume_tags.%": "0",
                            "vpc_security_group_ids.#": "1",
                            "vpc_security_group_ids.3582398693": "sg-33354278"
                        },
                        "meta": {
                            "e2bfb730-ecaa-11e6-8f88-34363bc7c4c0": {
                                "create": 600000000000,
                                "delete": 1200000000000,
                                "update": 600000000000
                            },
                            "schema_version": "1"
                        },
                        "tainted": false
                    },
                    "deposed": [],
                    "provider": "provider.aws"
                },
                "aws_instance.lab_node.21": {
                    "type": "aws_instance",
                    "depends_on": [
                        "aws_security_group.lab_sg"
                    ],
                    "primary": {
                        "id": "i-078f54cfccddf7a37",
                        "attributes": {
                            "ami": "ami-2597ca5a",
                            "associate_public_ip_address": "true",
                            "availability_zone": "us-east-1d",
                            "credit_specification.#": "1",
                            "credit_specification.0.cpu_credits": "standard",
                            "disable_api_termination": "false",
                            "ebs_block_device.#": "0",
                            "ebs_optimized": "false",
                            "ephemeral_block_device.#": "0",
                            "get_password_data": "false",
                            "iam_instance_profile": "",
                            "id": "i-078f54cfccddf7a37",
                            "instance_state": "running",
                            "instance_type": "t2.medium",
                            "ipv6_addresses.#": "0",
                            "key_name": "",
                            "monitoring": "false",
                            "network_interface.#": "0",
                            "network_interface_id": "eni-6592f85b",
                            "password_data": "",
                            "placement_group": "",
                            "primary_network_interface_id": "eni-6592f85b",
                            "private_dns": "ip-172-31-42-137.ec2.internal",
                            "private_ip": "172.31.42.137",
                            "public_dns": "ec2-18-207-198-174.compute-1.amazonaws.com",
                            "public_ip": "18.207.198.174",
                            "root_block_device.#": "1",
                            "root_block_device.0.delete_on_termination": "true",
                            "root_block_device.0.iops": "100",
                            "root_block_device.0.volume_id": "vol-076ba67f4cc9e1b14",
                            "root_block_device.0.volume_size": "20",
                            "root_block_device.0.volume_type": "gp2",
                            "security_groups.#": "1",
                            "security_groups.1225316666": "JUC2018_lab_sg",
                            "source_dest_check": "true",
                            "subnet_id": "subnet-0ff1c254",
                            "tags.%": "1",
                            "tags.Name": "JUC2018_lab_21",
                            "tenancy": "default",
                            "volume_tags.%": "0",
                            "vpc_security_group_ids.#": "1",
                            "vpc_security_group_ids.3582398693": "sg-33354278"
                        },
                        "meta": {
                            "e2bfb730-ecaa-11e6-8f88-34363bc7c4c0": {
                                "create": 600000000000,
                                "delete": 1200000000000,
                                "update": 600000000000
                            },
                            "schema_version": "1"
                        },
                        "tainted": false
                    },
                    "deposed": [],
                    "provider": "provider.aws"
                },
                "aws_instance.lab_node.22": {
                    "type": "aws_instance",
                    "depends_on": [
                        "aws_security_group.lab_sg"
                    ],
                    "primary": {
                        "id": "i-00afa3c3a4214cce7",
                        "attributes": {
                            "ami": "ami-2597ca5a",
                            "associate_public_ip_address": "true",
                            "availability_zone": "us-east-1d",
                            "credit_specification.#": "1",
                            "credit_specification.0.cpu_credits": "standard",
                            "disable_api_termination": "false",
                            "ebs_block_device.#": "0",
                            "ebs_optimized": "false",
                            "ephemeral_block_device.#": "0",
                            "get_password_data": "false",
                            "iam_instance_profile": "",
                            "id": "i-00afa3c3a4214cce7",
                            "instance_state": "running",
                            "instance_type": "t2.medium",
                            "ipv6_addresses.#": "0",
                            "key_name": "",
                            "monitoring": "false",
                            "network_interface.#": "0",
                            "network_interface_id": "eni-b99bf187",
                            "password_data": "",
                            "placement_group": "",
                            "primary_network_interface_id": "eni-b99bf187",
                            "private_dns": "ip-172-31-45-218.ec2.internal",
                            "private_ip": "172.31.45.218",
                            "public_dns": "ec2-54-211-90-95.compute-1.amazonaws.com",
                            "public_ip": "54.211.90.95",
                            "root_block_device.#": "1",
                            "root_block_device.0.delete_on_termination": "true",
                            "root_block_device.0.iops": "100",
                            "root_block_device.0.volume_id": "vol-0ff594be429f6fd2e",
                            "root_block_device.0.volume_size": "20",
                            "root_block_device.0.volume_type": "gp2",
                            "security_groups.#": "1",
                            "security_groups.1225316666": "JUC2018_lab_sg",
                            "source_dest_check": "true",
                            "subnet_id": "subnet-0ff1c254",
                            "tags.%": "1",
                            "tags.Name": "JUC2018_lab_22",
                            "tenancy": "default",
                            "volume_tags.%": "0",
                            "vpc_security_group_ids.#": "1",
                            "vpc_security_group_ids.3582398693": "sg-33354278"
                        },
                        "meta": {
                            "e2bfb730-ecaa-11e6-8f88-34363bc7c4c0": {
                                "create": 600000000000,
                                "delete": 1200000000000,
                                "update": 600000000000
                            },
                            "schema_version": "1"
                        },
                        "tainted": false
                    },
                    "deposed": [],
                    "provider": "provider.aws"
                },
                "aws_instance.lab_node.23": {
                    "type": "aws_instance",
                    "depends_on": [
                        "aws_security_group.lab_sg"
                    ],
                    "primary": {
                        "id": "i-06202980e2b63cb8a",
                        "attributes": {
                            "ami": "ami-2597ca5a",
                            "associate_public_ip_address": "true",
                            "availability_zone": "us-east-1d",
                            "credit_specification.#": "1",
                            "credit_specification.0.cpu_credits": "standard",
                            "disable_api_termination": "false",
                            "ebs_block_device.#": "0",
                            "ebs_optimized": "false",
                            "ephemeral_block_device.#": "0",
                            "get_password_data": "false",
                            "iam_instance_profile": "",
                            "id": "i-06202980e2b63cb8a",
                            "instance_state": "running",
                            "instance_type": "t2.medium",
                            "ipv6_addresses.#": "0",
                            "key_name": "",
                            "monitoring": "false",
                            "network_interface.#": "0",
                            "network_interface_id": "eni-1f91fb21",
                            "password_data": "",
                            "placement_group": "",
                            "primary_network_interface_id": "eni-1f91fb21",
                            "private_dns": "ip-172-31-32-28.ec2.internal",
                            "private_ip": "172.31.32.28",
                            "public_dns": "ec2-54-144-107-121.compute-1.amazonaws.com",
                            "public_ip": "54.144.107.121",
                            "root_block_device.#": "1",
                            "root_block_device.0.delete_on_termination": "true",
                            "root_block_device.0.iops": "100",
                            "root_block_device.0.volume_id": "vol-0bf791f8d25c9e971",
                            "root_block_device.0.volume_size": "20",
                            "root_block_device.0.volume_type": "gp2",
                            "security_groups.#": "1",
                            "security_groups.1225316666": "JUC2018_lab_sg",
                            "source_dest_check": "true",
                            "subnet_id": "subnet-0ff1c254",
                            "tags.%": "1",
                            "tags.Name": "JUC2018_lab_23",
                            "tenancy": "default",
                            "volume_tags.%": "0",
                            "vpc_security_group_ids.#": "1",
                            "vpc_security_group_ids.3582398693": "sg-33354278"
                        },
                        "meta": {
                            "e2bfb730-ecaa-11e6-8f88-34363bc7c4c0": {
                                "create": 600000000000,
                                "delete": 1200000000000,
                                "update": 600000000000
                            },
                            "schema_version": "1"
                        },
                        "tainted": false
                    },
                    "deposed": [],
                    "provider": "provider.aws"
                },
                "aws_instance.lab_node.24": {
                    "type": "aws_instance",
                    "depends_on": [
                        "aws_security_group.lab_sg"
                    ],
                    "primary": {
                        "id": "i-0f23570f8db5c5e24",
                        "attributes": {
                            "ami": "ami-2597ca5a",
                            "associate_public_ip_address": "true",
                            "availability_zone": "us-east-1d",
                            "credit_specification.#": "1",
                            "credit_specification.0.cpu_credits": "standard",
                            "disable_api_termination": "false",
                            "ebs_block_device.#": "0",
                            "ebs_optimized": "false",
                            "ephemeral_block_device.#": "0",
                            "get_password_data": "false",
                            "iam_instance_profile": "",
                            "id": "i-0f23570f8db5c5e24",
                            "instance_state": "running",
                            "instance_type": "t2.medium",
                            "ipv6_addresses.#": "0",
                            "key_name": "",
                            "monitoring": "false",
                            "network_interface.#": "0",
                            "network_interface_id": "eni-0093f93e",
                            "password_data": "",
                            "placement_group": "",
                            "primary_network_interface_id": "eni-0093f93e",
                            "private_dns": "ip-172-31-41-6.ec2.internal",
                            "private_ip": "172.31.41.6",
                            "public_dns": "ec2-107-23-246-80.compute-1.amazonaws.com",
                            "public_ip": "107.23.246.80",
                            "root_block_device.#": "1",
                            "root_block_device.0.delete_on_termination": "true",
                            "root_block_device.0.iops": "100",
                            "root_block_device.0.volume_id": "vol-0f00d45129ba6bf84",
                            "root_block_device.0.volume_size": "20",
                            "root_block_device.0.volume_type": "gp2",
                            "security_groups.#": "1",
                            "security_groups.1225316666": "JUC2018_lab_sg",
                            "source_dest_check": "true",
                            "subnet_id": "subnet-0ff1c254",
                            "tags.%": "1",
                            "tags.Name": "JUC2018_lab_24",
                            "tenancy": "default",
                            "volume_tags.%": "0",
                            "vpc_security_group_ids.#": "1",
                            "vpc_security_group_ids.3582398693": "sg-33354278"
                        },
                        "meta": {
                            "e2bfb730-ecaa-11e6-8f88-34363bc7c4c0": {
                                "create": 600000000000,
                                "delete": 1200000000000,
                                "update": 600000000000
                            },
                            "schema_version": "1"
                        },
                        "tainted": false
                    },
                    "deposed": [],
                    "provider": "provider.aws"
                },
                "aws_instance.lab_node.25": {
                    "type": "aws_instance",
                    "depends_on": [
                        "aws_security_group.lab_sg"
                    ],
                    "primary": {
                        "id": "i-05405f8a87584038c",
                        "attributes": {
                            "ami": "ami-2597ca5a",
                            "associate_public_ip_address": "true",
                            "availability_zone": "us-east-1d",
                            "credit_specification.#": "1",
                            "credit_specification.0.cpu_credits": "standard",
                            "disable_api_termination": "false",
                            "ebs_block_device.#": "0",
                            "ebs_optimized": "false",
                            "ephemeral_block_device.#": "0",
                            "get_password_data": "false",
                            "iam_instance_profile": "",
                            "id": "i-05405f8a87584038c",
                            "instance_state": "running",
                            "instance_type": "t2.medium",
                            "ipv6_addresses.#": "0",
                            "key_name": "",
                            "monitoring": "false",
                            "network_interface.#": "0",
                            "network_interface_id": "eni-0698f238",
                            "password_data": "",
                            "placement_group": "",
                            "primary_network_interface_id": "eni-0698f238",
                            "private_dns": "ip-172-31-39-169.ec2.internal",
                            "private_ip": "172.31.39.169",
                            "public_dns": "ec2-34-227-67-13.compute-1.amazonaws.com",
                            "public_ip": "34.227.67.13",
                            "root_block_device.#": "1",
                            "root_block_device.0.delete_on_termination": "true",
                            "root_block_device.0.iops": "100",
                            "root_block_device.0.volume_id": "vol-0913ae4cc717b14fe",
                            "root_block_device.0.volume_size": "20",
                            "root_block_device.0.volume_type": "gp2",
                            "security_groups.#": "1",
                            "security_groups.1225316666": "JUC2018_lab_sg",
                            "source_dest_check": "true",
                            "subnet_id": "subnet-0ff1c254",
                            "tags.%": "1",
                            "tags.Name": "JUC2018_lab_25",
                            "tenancy": "default",
                            "volume_tags.%": "0",
                            "vpc_security_group_ids.#": "1",
                            "vpc_security_group_ids.3582398693": "sg-33354278"
                        },
                        "meta": {
                            "e2bfb730-ecaa-11e6-8f88-34363bc7c4c0": {
                                "create": 600000000000,
                                "delete": 1200000000000,
                                "update": 600000000000
                            },
                            "schema_version": "1"
                        },
                        "tainted": false
                    },
                    "deposed": [],
                    "provider": "provider.aws"
                },
                "aws_instance.lab_node.26": {
                    "type": "aws_instance",
                    "depends_on": [
                        "aws_security_group.lab_sg"
                    ],
                    "primary": {
                        "id": "i-0890da4abdd3d8dd5",
                        "attributes": {
                            "ami": "ami-2597ca5a",
                            "associate_public_ip_address": "true",
                            "availability_zone": "us-east-1d",
                            "credit_specification.#": "1",
                            "credit_specification.0.cpu_credits": "standard",
                            "disable_api_termination": "false",
                            "ebs_block_device.#": "0",
                            "ebs_optimized": "false",
                            "ephemeral_block_device.#": "0",
                            "get_password_data": "false",
                            "iam_instance_profile": "",
                            "id": "i-0890da4abdd3d8dd5",
                            "instance_state": "running",
                            "instance_type": "t2.medium",
                            "ipv6_addresses.#": "0",
                            "key_name": "",
                            "monitoring": "false",
                            "network_interface.#": "0",
                            "network_interface_id": "eni-6898f256",
                            "password_data": "",
                            "placement_group": "",
                            "primary_network_interface_id": "eni-6898f256",
                            "private_dns": "ip-172-31-39-222.ec2.internal",
                            "private_ip": "172.31.39.222",
                            "public_dns": "ec2-18-209-109-115.compute-1.amazonaws.com",
                            "public_ip": "18.209.109.115",
                            "root_block_device.#": "1",
                            "root_block_device.0.delete_on_termination": "true",
                            "root_block_device.0.iops": "100",
                            "root_block_device.0.volume_id": "vol-0f29fa28574645a6b",
                            "root_block_device.0.volume_size": "20",
                            "root_block_device.0.volume_type": "gp2",
                            "security_groups.#": "1",
                            "security_groups.1225316666": "JUC2018_lab_sg",
                            "source_dest_check": "true",
                            "subnet_id": "subnet-0ff1c254",
                            "tags.%": "1",
                            "tags.Name": "JUC2018_lab_26",
                            "tenancy": "default",
                            "volume_tags.%": "0",
                            "vpc_security_group_ids.#": "1",
                            "vpc_security_group_ids.3582398693": "sg-33354278"
                        },
                        "meta": {
                            "e2bfb730-ecaa-11e6-8f88-34363bc7c4c0": {
                                "create": 600000000000,
                                "delete": 1200000000000,
                                "update": 600000000000
                            },
                            "schema_version": "1"
                        },
                        "tainted": false
                    },
                    "deposed": [],
                    "provider": "provider.aws"
                },
                "aws_instance.lab_node.27": {
                    "type": "aws_instance",
                    "depends_on": [
                        "aws_security_group.lab_sg"
                    ],
                    "primary": {
                        "id": "i-07001aa3da8fbd459",
                        "attributes": {
                            "ami": "ami-2597ca5a",
                            "associate_public_ip_address": "true",
                            "availability_zone": "us-east-1d",
                            "credit_specification.#": "1",
                            "credit_specification.0.cpu_credits": "standard",
                            "disable_api_termination": "false",
                            "ebs_block_device.#": "0",
                            "ebs_optimized": "false",
                            "ephemeral_block_device.#": "0",
                            "get_password_data": "false",
                            "iam_instance_profile": "",
                            "id": "i-07001aa3da8fbd459",
                            "instance_state": "running",
                            "instance_type": "t2.medium",
                            "ipv6_addresses.#": "0",
                            "key_name": "",
                            "monitoring": "false",
                            "network_interface.#": "0",
                            "network_interface_id": "eni-049df73a",
                            "password_data": "",
                            "placement_group": "",
                            "primary_network_interface_id": "eni-049df73a",
                            "private_dns": "ip-172-31-35-194.ec2.internal",
                            "private_ip": "172.31.35.194",
                            "public_dns": "ec2-54-145-151-158.compute-1.amazonaws.com",
                            "public_ip": "54.145.151.158",
                            "root_block_device.#": "1",
                            "root_block_device.0.delete_on_termination": "true",
                            "root_block_device.0.iops": "100",
                            "root_block_device.0.volume_id": "vol-01448a7af76c71949",
                            "root_block_device.0.volume_size": "20",
                            "root_block_device.0.volume_type": "gp2",
                            "security_groups.#": "1",
                            "security_groups.1225316666": "JUC2018_lab_sg",
                            "source_dest_check": "true",
                            "subnet_id": "subnet-0ff1c254",
                            "tags.%": "1",
                            "tags.Name": "JUC2018_lab_27",
                            "tenancy": "default",
                            "volume_tags.%": "0",
                            "vpc_security_group_ids.#": "1",
                            "vpc_security_group_ids.3582398693": "sg-33354278"
                        },
                        "meta": {
                            "e2bfb730-ecaa-11e6-8f88-34363bc7c4c0": {
                                "create": 600000000000,
                                "delete": 1200000000000,
                                "update": 600000000000
                            },
                            "schema_version": "1"
                        },
                        "tainted": false
                    },
                    "deposed": [],
                    "provider": "provider.aws"
                },
                "aws_instance.lab_node.28": {
                    "type": "aws_instance",
                    "depends_on": [
                        "aws_security_group.lab_sg"
                    ],
                    "primary": {
                        "id": "i-0a9510e4199e1bbc2",
                        "attributes": {
                            "ami": "ami-2597ca5a",
                            "associate_public_ip_address": "true",
                            "availability_zone": "us-east-1d",
                            "credit_specification.#": "1",
                            "credit_specification.0.cpu_credits": "standard",
                            "disable_api_termination": "false",
                            "ebs_block_device.#": "0",
                            "ebs_optimized": "false",
                            "ephemeral_block_device.#": "0",
                            "get_password_data": "false",
                            "iam_instance_profile": "",
                            "id": "i-0a9510e4199e1bbc2",
                            "instance_state": "running",
                            "instance_type": "t2.medium",
                            "ipv6_addresses.#": "0",
                            "key_name": "",
                            "monitoring": "false",
                            "network_interface.#": "0",
                            "network_interface_id": "eni-ce92f8f0",
                            "password_data": "",
                            "placement_group": "",
                            "primary_network_interface_id": "eni-ce92f8f0",
                            "private_dns": "ip-172-31-35-254.ec2.internal",
                            "private_ip": "172.31.35.254",
                            "public_dns": "ec2-54-236-11-134.compute-1.amazonaws.com",
                            "public_ip": "54.236.11.134",
                            "root_block_device.#": "1",
                            "root_block_device.0.delete_on_termination": "true",
                            "root_block_device.0.iops": "100",
                            "root_block_device.0.volume_id": "vol-08424ad173ddb97ba",
                            "root_block_device.0.volume_size": "20",
                            "root_block_device.0.volume_type": "gp2",
                            "security_groups.#": "1",
                            "security_groups.1225316666": "JUC2018_lab_sg",
                            "source_dest_check": "true",
                            "subnet_id": "subnet-0ff1c254",
                            "tags.%": "1",
                            "tags.Name": "JUC2018_lab_28",
                            "tenancy": "default",
                            "volume_tags.%": "0",
                            "vpc_security_group_ids.#": "1",
                            "vpc_security_group_ids.3582398693": "sg-33354278"
                        },
                        "meta": {
                            "e2bfb730-ecaa-11e6-8f88-34363bc7c4c0": {
                                "create": 600000000000,
                                "delete": 1200000000000,
                                "update": 600000000000
                            },
                            "schema_version": "1"
                        },
                        "tainted": false
                    },
                    "deposed": [],
                    "provider": "provider.aws"
                },
                "aws_instance.lab_node.29": {
                    "type": "aws_instance",
                    "depends_on": [
                        "aws_security_group.lab_sg"
                    ],
                    "primary": {
                        "id": "i-07e5336e50d709789",
                        "attributes": {
                            "ami": "ami-2597ca5a",
                            "associate_public_ip_address": "true",
                            "availability_zone": "us-east-1d",
                            "credit_specification.#": "1",
                            "credit_specification.0.cpu_credits": "standard",
                            "disable_api_termination": "false",
                            "ebs_block_device.#": "0",
                            "ebs_optimized": "false",
                            "ephemeral_block_device.#": "0",
                            "get_password_data": "false",
                            "iam_instance_profile": "",
                            "id": "i-07e5336e50d709789",
                            "instance_state": "running",
                            "instance_type": "t2.medium",
                            "ipv6_addresses.#": "0",
                            "key_name": "",
                            "monitoring": "false",
                            "network_interface.#": "0",
                            "network_interface_id": "eni-3292f80c",
                            "password_data": "",
                            "placement_group": "",
                            "primary_network_interface_id": "eni-3292f80c",
                            "private_dns": "ip-172-31-36-50.ec2.internal",
                            "private_ip": "172.31.36.50",
                            "public_dns": "ec2-54-85-120-91.compute-1.amazonaws.com",
                            "public_ip": "54.85.120.91",
                            "root_block_device.#": "1",
                            "root_block_device.0.delete_on_termination": "true",
                            "root_block_device.0.iops": "100",
                            "root_block_device.0.volume_id": "vol-050026567fbd3295b",
                            "root_block_device.0.volume_size": "20",
                            "root_block_device.0.volume_type": "gp2",
                            "security_groups.#": "1",
                            "security_groups.1225316666": "JUC2018_lab_sg",
                            "source_dest_check": "true",
                            "subnet_id": "subnet-0ff1c254",
                            "tags.%": "1",
                            "tags.Name": "JUC2018_lab_29",
                            "tenancy": "default",
                            "volume_tags.%": "0",
                            "vpc_security_group_ids.#": "1",
                            "vpc_security_group_ids.3582398693": "sg-33354278"
                        },
                        "meta": {
                            "e2bfb730-ecaa-11e6-8f88-34363bc7c4c0": {
                                "create": 600000000000,
                                "delete": 1200000000000,
                                "update": 600000000000
                            },
                            "schema_version": "1"
                        },
                        "tainted": false
                    },
                    "deposed": [],
                    "provider": "provider.aws"
                },
                "aws_instance.lab_node.3": {
                    "type": "aws_instance",
                    "depends_on": [
                        "aws_security_group.lab_sg"
                    ],
                    "primary": {
                        "id": "i-0a3298f85ecd590a3",
                        "attributes": {
                            "ami": "ami-2597ca5a",
                            "associate_public_ip_address": "true",
                            "availability_zone": "us-east-1d",
                            "credit_specification.#": "1",
                            "credit_specification.0.cpu_credits": "standard",
                            "disable_api_termination": "false",
                            "ebs_block_device.#": "0",
                            "ebs_optimized": "false",
                            "ephemeral_block_device.#": "0",
                            "get_password_data": "false",
                            "iam_instance_profile": "",
                            "id": "i-0a3298f85ecd590a3",
                            "instance_state": "running",
                            "instance_type": "t2.medium",
                            "ipv6_addresses.#": "0",
                            "key_name": "",
                            "monitoring": "false",
                            "network_interface.#": "0",
                            "network_interface_id": "eni-939ef4ad",
                            "password_data": "",
                            "placement_group": "",
                            "primary_network_interface_id": "eni-939ef4ad",
                            "private_dns": "ip-172-31-34-37.ec2.internal",
                            "private_ip": "172.31.34.37",
                            "public_dns": "ec2-18-209-101-191.compute-1.amazonaws.com",
                            "public_ip": "18.209.101.191",
                            "root_block_device.#": "1",
                            "root_block_device.0.delete_on_termination": "true",
                            "root_block_device.0.iops": "100",
                            "root_block_device.0.volume_id": "vol-099f54c8eecca7cd7",
                            "root_block_device.0.volume_size": "20",
                            "root_block_device.0.volume_type": "gp2",
                            "security_groups.#": "1",
                            "security_groups.1225316666": "JUC2018_lab_sg",
                            "source_dest_check": "true",
                            "subnet_id": "subnet-0ff1c254",
                            "tags.%": "1",
                            "tags.Name": "JUC2018_lab_3",
                            "tenancy": "default",
                            "volume_tags.%": "0",
                            "vpc_security_group_ids.#": "1",
                            "vpc_security_group_ids.3582398693": "sg-33354278"
                        },
                        "meta": {
                            "e2bfb730-ecaa-11e6-8f88-34363bc7c4c0": {
                                "create": 600000000000,
                                "delete": 1200000000000,
                                "update": 600000000000
                            },
                            "schema_version": "1"
                        },
                        "tainted": false
                    },
                    "deposed": [],
                    "provider": "provider.aws"
                },
                "aws_instance.lab_node.30": {
                    "type": "aws_instance",
                    "depends_on": [
                        "aws_security_group.lab_sg"
                    ],
                    "primary": {
                        "id": "i-02f7a07360c58fa2d",
                        "attributes": {
                            "ami": "ami-2597ca5a",
                            "associate_public_ip_address": "true",
                            "availability_zone": "us-east-1d",
                            "credit_specification.#": "1",
                            "credit_specification.0.cpu_credits": "standard",
                            "disable_api_termination": "false",
                            "ebs_block_device.#": "0",
                            "ebs_optimized": "false",
                            "ephemeral_block_device.#": "0",
                            "get_password_data": "false",
                            "iam_instance_profile": "",
                            "id": "i-02f7a07360c58fa2d",
                            "instance_state": "running",
                            "instance_type": "t2.medium",
                            "ipv6_addresses.#": "0",
                            "key_name": "",
                            "monitoring": "false",
                            "network_interface.#": "0",
                            "network_interface_id": "eni-3f9ff501",
                            "password_data": "",
                            "placement_group": "",
                            "primary_network_interface_id": "eni-3f9ff501",
                            "private_dns": "ip-172-31-40-232.ec2.internal",
                            "private_ip": "172.31.40.232",
                            "public_dns": "ec2-18-232-122-21.compute-1.amazonaws.com",
                            "public_ip": "18.232.122.21",
                            "root_block_device.#": "1",
                            "root_block_device.0.delete_on_termination": "true",
                            "root_block_device.0.iops": "100",
                            "root_block_device.0.volume_id": "vol-03222bf3d68e9e524",
                            "root_block_device.0.volume_size": "20",
                            "root_block_device.0.volume_type": "gp2",
                            "security_groups.#": "1",
                            "security_groups.1225316666": "JUC2018_lab_sg",
                            "source_dest_check": "true",
                            "subnet_id": "subnet-0ff1c254",
                            "tags.%": "1",
                            "tags.Name": "JUC2018_lab_30",
                            "tenancy": "default",
                            "volume_tags.%": "0",
                            "vpc_security_group_ids.#": "1",
                            "vpc_security_group_ids.3582398693": "sg-33354278"
                        },
                        "meta": {
                            "e2bfb730-ecaa-11e6-8f88-34363bc7c4c0": {
                                "create": 600000000000,
                                "delete": 1200000000000,
                                "update": 600000000000
                            },
                            "schema_version": "1"
                        },
                        "tainted": false
                    },
                    "deposed": [],
                    "provider": "provider.aws"
                },
                "aws_instance.lab_node.31": {
                    "type": "aws_instance",
                    "depends_on": [
                        "aws_security_group.lab_sg"
                    ],
                    "primary": {
                        "id": "i-0039bfcc07fb88eba",
                        "attributes": {
                            "ami": "ami-2597ca5a",
                            "associate_public_ip_address": "true",
                            "availability_zone": "us-east-1d",
                            "credit_specification.#": "1",
                            "credit_specification.0.cpu_credits": "standard",
                            "disable_api_termination": "false",
                            "ebs_block_device.#": "0",
                            "ebs_optimized": "false",
                            "ephemeral_block_device.#": "0",
                            "get_password_data": "false",
                            "iam_instance_profile": "",
                            "id": "i-0039bfcc07fb88eba",
                            "instance_state": "running",
                            "instance_type": "t2.medium",
                            "ipv6_addresses.#": "0",
                            "key_name": "",
                            "monitoring": "false",
                            "network_interface.#": "0",
                            "network_interface_id": "eni-ba9ff584",
                            "password_data": "",
                            "placement_group": "",
                            "primary_network_interface_id": "eni-ba9ff584",
                            "private_dns": "ip-172-31-45-66.ec2.internal",
                            "private_ip": "172.31.45.66",
                            "public_dns": "ec2-18-209-171-216.compute-1.amazonaws.com",
                            "public_ip": "18.209.171.216",
                            "root_block_device.#": "1",
                            "root_block_device.0.delete_on_termination": "true",
                            "root_block_device.0.iops": "100",
                            "root_block_device.0.volume_id": "vol-012bc34d8a0dc5b90",
                            "root_block_device.0.volume_size": "20",
                            "root_block_device.0.volume_type": "gp2",
                            "security_groups.#": "1",
                            "security_groups.1225316666": "JUC2018_lab_sg",
                            "source_dest_check": "true",
                            "subnet_id": "subnet-0ff1c254",
                            "tags.%": "1",
                            "tags.Name": "JUC2018_lab_31",
                            "tenancy": "default",
                            "volume_tags.%": "0",
                            "vpc_security_group_ids.#": "1",
                            "vpc_security_group_ids.3582398693": "sg-33354278"
                        },
                        "meta": {
                            "e2bfb730-ecaa-11e6-8f88-34363bc7c4c0": {
                                "create": 600000000000,
                                "delete": 1200000000000,
                                "update": 600000000000
                            },
                            "schema_version": "1"
                        },
                        "tainted": false
                    },
                    "deposed": [],
                    "provider": "provider.aws"
                },
                "aws_instance.lab_node.32": {
                    "type": "aws_instance",
                    "depends_on": [
                        "aws_security_group.lab_sg"
                    ],
                    "primary": {
                        "id": "i-06dfec945912963f0",
                        "attributes": {
                            "ami": "ami-2597ca5a",
                            "associate_public_ip_address": "true",
                            "availability_zone": "us-east-1d",
                            "credit_specification.#": "1",
                            "credit_specification.0.cpu_credits": "standard",
                            "disable_api_termination": "false",
                            "ebs_block_device.#": "0",
                            "ebs_optimized": "false",
                            "ephemeral_block_device.#": "0",
                            "get_password_data": "false",
                            "iam_instance_profile": "",
                            "id": "i-06dfec945912963f0",
                            "instance_state": "running",
                            "instance_type": "t2.medium",
                            "ipv6_addresses.#": "0",
                            "key_name": "",
                            "monitoring": "false",
                            "network_interface.#": "0",
                            "network_interface_id": "eni-6e98f250",
                            "password_data": "",
                            "placement_group": "",
                            "primary_network_interface_id": "eni-6e98f250",
                            "private_dns": "ip-172-31-41-32.ec2.internal",
                            "private_ip": "172.31.41.32",
                            "public_dns": "ec2-52-207-30-88.compute-1.amazonaws.com",
                            "public_ip": "52.207.30.88",
                            "root_block_device.#": "1",
                            "root_block_device.0.delete_on_termination": "true",
                            "root_block_device.0.iops": "100",
                            "root_block_device.0.volume_id": "vol-0d2761bb854d014bc",
                            "root_block_device.0.volume_size": "20",
                            "root_block_device.0.volume_type": "gp2",
                            "security_groups.#": "1",
                            "security_groups.1225316666": "JUC2018_lab_sg",
                            "source_dest_check": "true",
                            "subnet_id": "subnet-0ff1c254",
                            "tags.%": "1",
                            "tags.Name": "JUC2018_lab_32",
                            "tenancy": "default",
                            "volume_tags.%": "0",
                            "vpc_security_group_ids.#": "1",
                            "vpc_security_group_ids.3582398693": "sg-33354278"
                        },
                        "meta": {
                            "e2bfb730-ecaa-11e6-8f88-34363bc7c4c0": {
                                "create": 600000000000,
                                "delete": 1200000000000,
                                "update": 600000000000
                            },
                            "schema_version": "1"
                        },
                        "tainted": false
                    },
                    "deposed": [],
                    "provider": "provider.aws"
                },
                "aws_instance.lab_node.33": {
                    "type": "aws_instance",
                    "depends_on": [
                        "aws_security_group.lab_sg"
                    ],
                    "primary": {
                        "id": "i-097c863109c4baa9e",
                        "attributes": {
                            "ami": "ami-2597ca5a",
                            "associate_public_ip_address": "true",
                            "availability_zone": "us-east-1d",
                            "credit_specification.#": "1",
                            "credit_specification.0.cpu_credits": "standard",
                            "disable_api_termination": "false",
                            "ebs_block_device.#": "0",
                            "ebs_optimized": "false",
                            "ephemeral_block_device.#": "0",
                            "get_password_data": "false",
                            "iam_instance_profile": "",
                            "id": "i-097c863109c4baa9e",
                            "instance_state": "running",
                            "instance_type": "t2.medium",
                            "ipv6_addresses.#": "0",
                            "key_name": "",
                            "monitoring": "false",
                            "network_interface.#": "0",
                            "network_interface_id": "eni-4f92f871",
                            "password_data": "",
                            "placement_group": "",
                            "primary_network_interface_id": "eni-4f92f871",
                            "private_dns": "ip-172-31-44-144.ec2.internal",
                            "private_ip": "172.31.44.144",
                            "public_dns": "ec2-34-228-227-182.compute-1.amazonaws.com",
                            "public_ip": "34.228.227.182",
                            "root_block_device.#": "1",
                            "root_block_device.0.delete_on_termination": "true",
                            "root_block_device.0.iops": "100",
                            "root_block_device.0.volume_id": "vol-0a5bf23f409c209e7",
                            "root_block_device.0.volume_size": "20",
                            "root_block_device.0.volume_type": "gp2",
                            "security_groups.#": "1",
                            "security_groups.1225316666": "JUC2018_lab_sg",
                            "source_dest_check": "true",
                            "subnet_id": "subnet-0ff1c254",
                            "tags.%": "1",
                            "tags.Name": "JUC2018_lab_33",
                            "tenancy": "default",
                            "volume_tags.%": "0",
                            "vpc_security_group_ids.#": "1",
                            "vpc_security_group_ids.3582398693": "sg-33354278"
                        },
                        "meta": {
                            "e2bfb730-ecaa-11e6-8f88-34363bc7c4c0": {
                                "create": 600000000000,
                                "delete": 1200000000000,
                                "update": 600000000000
                            },
                            "schema_version": "1"
                        },
                        "tainted": false
                    },
                    "deposed": [],
                    "provider": "provider.aws"
                },
                "aws_instance.lab_node.34": {
                    "type": "aws_instance",
                    "depends_on": [
                        "aws_security_group.lab_sg"
                    ],
                    "primary": {
                        "id": "i-0a6fb0fe2333c9fb6",
                        "attributes": {
                            "ami": "ami-2597ca5a",
                            "associate_public_ip_address": "true",
                            "availability_zone": "us-east-1d",
                            "credit_specification.#": "1",
                            "credit_specification.0.cpu_credits": "standard",
                            "disable_api_termination": "false",
                            "ebs_block_device.#": "0",
                            "ebs_optimized": "false",
                            "ephemeral_block_device.#": "0",
                            "get_password_data": "false",
                            "iam_instance_profile": "",
                            "id": "i-0a6fb0fe2333c9fb6",
                            "instance_state": "running",
                            "instance_type": "t2.medium",
                            "ipv6_addresses.#": "0",
                            "key_name": "",
                            "monitoring": "false",
                            "network_interface.#": "0",
                            "network_interface_id": "eni-6b90fa55",
                            "password_data": "",
                            "placement_group": "",
                            "primary_network_interface_id": "eni-6b90fa55",
                            "private_dns": "ip-172-31-37-231.ec2.internal",
                            "private_ip": "172.31.37.231",
                            "public_dns": "ec2-54-209-250-72.compute-1.amazonaws.com",
                            "public_ip": "54.209.250.72",
                            "root_block_device.#": "1",
                            "root_block_device.0.delete_on_termination": "true",
                            "root_block_device.0.iops": "100",
                            "root_block_device.0.volume_id": "vol-043d7ca2db3c63c25",
                            "root_block_device.0.volume_size": "20",
                            "root_block_device.0.volume_type": "gp2",
                            "security_groups.#": "1",
                            "security_groups.1225316666": "JUC2018_lab_sg",
                            "source_dest_check": "true",
                            "subnet_id": "subnet-0ff1c254",
                            "tags.%": "1",
                            "tags.Name": "JUC2018_lab_34",
                            "tenancy": "default",
                            "volume_tags.%": "0",
                            "vpc_security_group_ids.#": "1",
                            "vpc_security_group_ids.3582398693": "sg-33354278"
                        },
                        "meta": {
                            "e2bfb730-ecaa-11e6-8f88-34363bc7c4c0": {
                                "create": 600000000000,
                                "delete": 1200000000000,
                                "update": 600000000000
                            },
                            "schema_version": "1"
                        },
                        "tainted": false
                    },
                    "deposed": [],
                    "provider": "provider.aws"
                },
                "aws_instance.lab_node.4": {
                    "type": "aws_instance",
                    "depends_on": [
                        "aws_security_group.lab_sg"
                    ],
                    "primary": {
                        "id": "i-0ae6a19f6a47730cb",
                        "attributes": {
                            "ami": "ami-2597ca5a",
                            "associate_public_ip_address": "true",
                            "availability_zone": "us-east-1d",
                            "credit_specification.#": "1",
                            "credit_specification.0.cpu_credits": "standard",
                            "disable_api_termination": "false",
                            "ebs_block_device.#": "0",
                            "ebs_optimized": "false",
                            "ephemeral_block_device.#": "0",
                            "get_password_data": "false",
                            "iam_instance_profile": "",
                            "id": "i-0ae6a19f6a47730cb",
                            "instance_state": "running",
                            "instance_type": "t2.medium",
                            "ipv6_addresses.#": "0",
                            "key_name": "",
                            "monitoring": "false",
                            "network_interface.#": "0",
                            "network_interface_id": "eni-b89bf186",
                            "password_data": "",
                            "placement_group": "",
                            "primary_network_interface_id": "eni-b89bf186",
                            "private_dns": "ip-172-31-42-43.ec2.internal",
                            "private_ip": "172.31.42.43",
                            "public_dns": "ec2-54-89-236-174.compute-1.amazonaws.com",
                            "public_ip": "54.89.236.174",
                            "root_block_device.#": "1",
                            "root_block_device.0.delete_on_termination": "true",
                            "root_block_device.0.iops": "100",
                            "root_block_device.0.volume_id": "vol-041d90a01607012dc",
                            "root_block_device.0.volume_size": "20",
                            "root_block_device.0.volume_type": "gp2",
                            "security_groups.#": "1",
                            "security_groups.1225316666": "JUC2018_lab_sg",
                            "source_dest_check": "true",
                            "subnet_id": "subnet-0ff1c254",
                            "tags.%": "1",
                            "tags.Name": "JUC2018_lab_4",
                            "tenancy": "default",
                            "volume_tags.%": "0",
                            "vpc_security_group_ids.#": "1",
                            "vpc_security_group_ids.3582398693": "sg-33354278"
                        },
                        "meta": {
                            "e2bfb730-ecaa-11e6-8f88-34363bc7c4c0": {
                                "create": 600000000000,
                                "delete": 1200000000000,
                                "update": 600000000000
                            },
                            "schema_version": "1"
                        },
                        "tainted": false
                    },
                    "deposed": [],
                    "provider": "provider.aws"
                },
                "aws_instance.lab_node.5": {
                    "type": "aws_instance",
                    "depends_on": [
                        "aws_security_group.lab_sg"
                    ],
                    "primary": {
                        "id": "i-0d614cdfa322d52e5",
                        "attributes": {
                            "ami": "ami-2597ca5a",
                            "associate_public_ip_address": "true",
                            "availability_zone": "us-east-1d",
                            "credit_specification.#": "1",
                            "credit_specification.0.cpu_credits": "standard",
                            "disable_api_termination": "false",
                            "ebs_block_device.#": "0",
                            "ebs_optimized": "false",
                            "ephemeral_block_device.#": "0",
                            "get_password_data": "false",
                            "iam_instance_profile": "",
                            "id": "i-0d614cdfa322d52e5",
                            "instance_state": "running",
                            "instance_type": "t2.medium",
                            "ipv6_addresses.#": "0",
                            "key_name": "",
                            "monitoring": "false",
                            "network_interface.#": "0",
                            "network_interface_id": "eni-4f9af071",
                            "password_data": "",
                            "placement_group": "",
                            "primary_network_interface_id": "eni-4f9af071",
                            "private_dns": "ip-172-31-39-229.ec2.internal",
                            "private_ip": "172.31.39.229",
                            "public_dns": "ec2-52-91-157-181.compute-1.amazonaws.com",
                            "public_ip": "52.91.157.181",
                            "root_block_device.#": "1",
                            "root_block_device.0.delete_on_termination": "true",
                            "root_block_device.0.iops": "100",
                            "root_block_device.0.volume_id": "vol-0f4a748db868cff7e",
                            "root_block_device.0.volume_size": "20",
                            "root_block_device.0.volume_type": "gp2",
                            "security_groups.#": "1",
                            "security_groups.1225316666": "JUC2018_lab_sg",
                            "source_dest_check": "true",
                            "subnet_id": "subnet-0ff1c254",
                            "tags.%": "1",
                            "tags.Name": "JUC2018_lab_5",
                            "tenancy": "default",
                            "volume_tags.%": "0",
                            "vpc_security_group_ids.#": "1",
                            "vpc_security_group_ids.3582398693": "sg-33354278"
                        },
                        "meta": {
                            "e2bfb730-ecaa-11e6-8f88-34363bc7c4c0": {
                                "create": 600000000000,
                                "delete": 1200000000000,
                                "update": 600000000000
                            },
                            "schema_version": "1"
                        },
                        "tainted": false
                    },
                    "deposed": [],
                    "provider": "provider.aws"
                },
                "aws_instance.lab_node.6": {
                    "type": "aws_instance",
                    "depends_on": [
                        "aws_security_group.lab_sg"
                    ],
                    "primary": {
                        "id": "i-04a97ee86d5299326",
                        "attributes": {
                            "ami": "ami-2597ca5a",
                            "associate_public_ip_address": "true",
                            "availability_zone": "us-east-1d",
                            "credit_specification.#": "1",
                            "credit_specification.0.cpu_credits": "standard",
                            "disable_api_termination": "false",
                            "ebs_block_device.#": "0",
                            "ebs_optimized": "false",
                            "ephemeral_block_device.#": "0",
                            "get_password_data": "false",
                            "iam_instance_profile": "",
                            "id": "i-04a97ee86d5299326",
                            "instance_state": "running",
                            "instance_type": "t2.medium",
                            "ipv6_addresses.#": "0",
                            "key_name": "",
                            "monitoring": "false",
                            "network_interface.#": "0",
                            "network_interface_id": "eni-a29ef49c",
                            "password_data": "",
                            "placement_group": "",
                            "primary_network_interface_id": "eni-a29ef49c",
                            "private_dns": "ip-172-31-47-20.ec2.internal",
                            "private_ip": "172.31.47.20",
                            "public_dns": "ec2-35-173-131-26.compute-1.amazonaws.com",
                            "public_ip": "35.173.131.26",
                            "root_block_device.#": "1",
                            "root_block_device.0.delete_on_termination": "true",
                            "root_block_device.0.iops": "100",
                            "root_block_device.0.volume_id": "vol-099db8ad62a781408",
                            "root_block_device.0.volume_size": "20",
                            "root_block_device.0.volume_type": "gp2",
                            "security_groups.#": "1",
                            "security_groups.1225316666": "JUC2018_lab_sg",
                            "source_dest_check": "true",
                            "subnet_id": "subnet-0ff1c254",
                            "tags.%": "1",
                            "tags.Name": "JUC2018_lab_6",
                            "tenancy": "default",
                            "volume_tags.%": "0",
                            "vpc_security_group_ids.#": "1",
                            "vpc_security_group_ids.3582398693": "sg-33354278"
                        },
                        "meta": {
                            "e2bfb730-ecaa-11e6-8f88-34363bc7c4c0": {
                                "create": 600000000000,
                                "delete": 1200000000000,
                                "update": 600000000000
                            },
                            "schema_version": "1"
                        },
                        "tainted": false
                    },
                    "deposed": [],
                    "provider": "provider.aws"
                },
                "aws_instance.lab_node.7": {
                    "type": "aws_instance",
                    "depends_on": [
                        "aws_security_group.lab_sg"
                    ],
                    "primary": {
                        "id": "i-0cd6574a1c7c02223",
                        "attributes": {
                            "ami": "ami-2597ca5a",
                            "associate_public_ip_address": "true",
                            "availability_zone": "us-east-1d",
                            "credit_specification.#": "1",
                            "credit_specification.0.cpu_credits": "standard",
                            "disable_api_termination": "false",
                            "ebs_block_device.#": "0",
                            "ebs_optimized": "false",
                            "ephemeral_block_device.#": "0",
                            "get_password_data": "false",
                            "iam_instance_profile": "",
                            "id": "i-0cd6574a1c7c02223",
                            "instance_state": "running",
                            "instance_type": "t2.medium",
                            "ipv6_addresses.#": "0",
                            "key_name": "",
                            "monitoring": "false",
                            "network_interface.#": "0",
                            "network_interface_id": "eni-5b90fa65",
                            "password_data": "",
                            "placement_group": "",
                            "primary_network_interface_id": "eni-5b90fa65",
                            "private_dns": "ip-172-31-42-86.ec2.internal",
                            "private_ip": "172.31.42.86",
                            "public_dns": "ec2-35-171-191-23.compute-1.amazonaws.com",
                            "public_ip": "35.171.191.23",
                            "root_block_device.#": "1",
                            "root_block_device.0.delete_on_termination": "true",
                            "root_block_device.0.iops": "100",
                            "root_block_device.0.volume_id": "vol-0c6b97b74a79dc7a9",
                            "root_block_device.0.volume_size": "20",
                            "root_block_device.0.volume_type": "gp2",
                            "security_groups.#": "1",
                            "security_groups.1225316666": "JUC2018_lab_sg",
                            "source_dest_check": "true",
                            "subnet_id": "subnet-0ff1c254",
                            "tags.%": "1",
                            "tags.Name": "JUC2018_lab_7",
                            "tenancy": "default",
                            "volume_tags.%": "0",
                            "vpc_security_group_ids.#": "1",
                            "vpc_security_group_ids.3582398693": "sg-33354278"
                        },
                        "meta": {
                            "e2bfb730-ecaa-11e6-8f88-34363bc7c4c0": {
                                "create": 600000000000,
                                "delete": 1200000000000,
                                "update": 600000000000
                            },
                            "schema_version": "1"
                        },
                        "tainted": false
                    },
                    "deposed": [],
                    "provider": "provider.aws"
                },
                "aws_instance.lab_node.8": {
                    "type": "aws_instance",
                    "depends_on": [
                        "aws_security_group.lab_sg"
                    ],
                    "primary": {
                        "id": "i-0dc5a6f51bf06fd65",
                        "attributes": {
                            "ami": "ami-2597ca5a",
                            "associate_public_ip_address": "true",
                            "availability_zone": "us-east-1d",
                            "credit_specification.#": "1",
                            "credit_specification.0.cpu_credits": "standard",
                            "disable_api_termination": "false",
                            "ebs_block_device.#": "0",
                            "ebs_optimized": "false",
                            "ephemeral_block_device.#": "0",
                            "get_password_data": "false",
                            "iam_instance_profile": "",
                            "id": "i-0dc5a6f51bf06fd65",
                            "instance_state": "running",
                            "instance_type": "t2.medium",
                            "ipv6_addresses.#": "0",
                            "key_name": "",
                            "monitoring": "false",
                            "network_interface.#": "0",
                            "network_interface_id": "eni-4799f379",
                            "password_data": "",
                            "placement_group": "",
                            "primary_network_interface_id": "eni-4799f379",
                            "private_dns": "ip-172-31-35-246.ec2.internal",
                            "private_ip": "172.31.35.246",
                            "public_dns": "ec2-34-230-65-230.compute-1.amazonaws.com",
                            "public_ip": "34.230.65.230",
                            "root_block_device.#": "1",
                            "root_block_device.0.delete_on_termination": "true",
                            "root_block_device.0.iops": "100",
                            "root_block_device.0.volume_id": "vol-0768eaa55eb24959e",
                            "root_block_device.0.volume_size": "20",
                            "root_block_device.0.volume_type": "gp2",
                            "security_groups.#": "1",
                            "security_groups.1225316666": "JUC2018_lab_sg",
                            "source_dest_check": "true",
                            "subnet_id": "subnet-0ff1c254",
                            "tags.%": "1",
                            "tags.Name": "JUC2018_lab_8",
                            "tenancy": "default",
                            "volume_tags.%": "0",
                            "vpc_security_group_ids.#": "1",
                            "vpc_security_group_ids.3582398693": "sg-33354278"
                        },
                        "meta": {
                            "e2bfb730-ecaa-11e6-8f88-34363bc7c4c0": {
                                "create": 600000000000,
                                "delete": 1200000000000,
                                "update": 600000000000
                            },
                            "schema_version": "1"
                        },
                        "tainted": false
                    },
                    "deposed": [],
                    "provider": "provider.aws"
                },
                "aws_instance.lab_node.9": {
                    "type": "aws_instance",
                    "depends_on": [
                        "aws_security_group.lab_sg"
                    ],
                    "primary": {
                        "id": "i-02aa3130e550c05ed",
                        "attributes": {
                            "ami": "ami-2597ca5a",
                            "associate_public_ip_address": "true",
                            "availability_zone": "us-east-1d",
                            "credit_specification.#": "1",
                            "credit_specification.0.cpu_credits": "standard",
                            "disable_api_termination": "false",
                            "ebs_block_device.#": "0",
                            "ebs_optimized": "false",
                            "ephemeral_block_device.#": "0",
                            "get_password_data": "false",
                            "iam_instance_profile": "",
                            "id": "i-02aa3130e550c05ed",
                            "instance_state": "running",
                            "instance_type": "t2.medium",
                            "ipv6_addresses.#": "0",
                            "key_name": "",
                            "monitoring": "false",
                            "network_interface.#": "0",
                            "network_interface_id": "eni-fc9df7c2",
                            "password_data": "",
                            "placement_group": "",
                            "primary_network_interface_id": "eni-fc9df7c2",
                            "private_dns": "ip-172-31-46-143.ec2.internal",
                            "private_ip": "172.31.46.143",
                            "public_dns": "ec2-54-89-90-206.compute-1.amazonaws.com",
                            "public_ip": "54.89.90.206",
                            "root_block_device.#": "1",
                            "root_block_device.0.delete_on_termination": "true",
                            "root_block_device.0.iops": "100",
                            "root_block_device.0.volume_id": "vol-0dca6ebfa1cc0be7f",
                            "root_block_device.0.volume_size": "20",
                            "root_block_device.0.volume_type": "gp2",
                            "security_groups.#": "1",
                            "security_groups.1225316666": "JUC2018_lab_sg",
                            "source_dest_check": "true",
                            "subnet_id": "subnet-0ff1c254",
                            "tags.%": "1",
                            "tags.Name": "JUC2018_lab_9",
                            "tenancy": "default",
                            "volume_tags.%": "0",
                            "vpc_security_group_ids.#": "1",
                            "vpc_security_group_ids.3582398693": "sg-33354278"
                        },
                        "meta": {
                            "e2bfb730-ecaa-11e6-8f88-34363bc7c4c0": {
                                "create": 600000000000,
                                "delete": 1200000000000,
                                "update": 600000000000
                            },
                            "schema_version": "1"
                        },
                        "tainted": false
                    },
                    "deposed": [],
                    "provider": "provider.aws"
                },
                "aws_security_group.lab_sg": {
                    "type": "aws_security_group",
                    "depends_on": [],
                    "primary": {
                        "id": "sg-33354278",
                        "attributes": {
                            "arn": "arn:aws:ec2:us-east-1:377331541806:security-group/sg-33354278",
                            "description": "Managed by Terraform",
                            "egress.#": "2",
                            "egress.2214680975.cidr_blocks.#": "1",
                            "egress.2214680975.cidr_blocks.0": "0.0.0.0/0",
                            "egress.2214680975.description": "",
                            "egress.2214680975.from_port": "80",
                            "egress.2214680975.ipv6_cidr_blocks.#": "0",
                            "egress.2214680975.prefix_list_ids.#": "0",
                            "egress.2214680975.protocol": "tcp",
                            "egress.2214680975.security_groups.#": "0",
                            "egress.2214680975.self": "false",
                            "egress.2214680975.to_port": "80",
                            "egress.2617001939.cidr_blocks.#": "1",
                            "egress.2617001939.cidr_blocks.0": "0.0.0.0/0",
                            "egress.2617001939.description": "",
                            "egress.2617001939.from_port": "443",
                            "egress.2617001939.ipv6_cidr_blocks.#": "0",
                            "egress.2617001939.prefix_list_ids.#": "0",
                            "egress.2617001939.protocol": "tcp",
                            "egress.2617001939.security_groups.#": "0",
                            "egress.2617001939.self": "false",
                            "egress.2617001939.to_port": "443",
                            "id": "sg-33354278",
                            "ingress.#": "2",
                            "ingress.1740026394.cidr_blocks.#": "1",
                            "ingress.1740026394.cidr_blocks.0": "0.0.0.0/0",
                            "ingress.1740026394.description": "",
                            "ingress.1740026394.from_port": "10000",
                            "ingress.1740026394.ipv6_cidr_blocks.#": "0",
                            "ingress.1740026394.protocol": "tcp",
                            "ingress.1740026394.security_groups.#": "0",
                            "ingress.1740026394.self": "false",
                            "ingress.1740026394.to_port": "10000",
                            "ingress.2541437006.cidr_blocks.#": "1",
                            "ingress.2541437006.cidr_blocks.0": "0.0.0.0/0",
                            "ingress.2541437006.description": "",
                            "ingress.2541437006.from_port": "22",
                            "ingress.2541437006.ipv6_cidr_blocks.#": "0",
                            "ingress.2541437006.protocol": "tcp",
                            "ingress.2541437006.security_groups.#": "0",
                            "ingress.2541437006.self": "false",
                            "ingress.2541437006.to_port": "22",
                            "name": "JUC2018_lab_sg",
                            "owner_id": "377331541806",
                            "revoke_rules_on_delete": "false",
                            "tags.%": "0",
                            "vpc_id": "vpc-a5d986c3"
                        },
                        "meta": {
                            "e2bfb730-ecaa-11e6-8f88-34363bc7c4c0": {
                                "create": 600000000000,
                                "delete": 600000000000
                            },
                            "schema_version": "1"
                        },
                        "tainted": false
                    },
                    "deposed": [],
                    "provider": "provider.aws"
                }
            },
            "depends_on": []
        }
    ]
}
