{
    "version": 3,
    "terraform_version": "0.11.7",
    "serial": 6,
    "lineage": "ac42c0f4-1976-aedd-13b2-a5824c1819a8",
    "modules": [
        {
            "path": [
                "root"
            ],
            "outputs": {
                "instance_dns_list": {
                    "sensitive": false,
                    "type": "string",
                    "value": "ec2-54-147-233-244.compute-1.amazonaws.com:10000,ec2-34-227-95-162.compute-1.amazonaws.com:10000,ec2-34-201-52-133.compute-1.amazonaws.com:10000,ec2-54-164-57-198.compute-1.amazonaws.com"
                }
            },
            "resources": {
                "aws_instance.lab_node.0": {
                    "type": "aws_instance",
                    "depends_on": [
                        "aws_security_group.lab_sg"
                    ],
                    "primary": {
                        "id": "i-0b4039837dd7913c8",
                        "attributes": {
                            "ami": "ami-e141029e",
                            "associate_public_ip_address": "true",
                            "availability_zone": "us-east-1d",
                            "credit_specification.#": "1",
                            "credit_specification.0.cpu_credits": "standard",
                            "disable_api_termination": "false",
                            "ebs_block_device.#": "0",
                            "ebs_optimized": "false",
                            "ephemeral_block_device.#": "0",
                            "get_password_data": "false",
                            "iam_instance_profile": "",
                            "id": "i-0b4039837dd7913c8",
                            "instance_state": "running",
                            "instance_type": "t2.medium",
                            "ipv6_addresses.#": "0",
                            "key_name": "",
                            "monitoring": "false",
                            "network_interface.#": "0",
                            "network_interface_id": "eni-12491188",
                            "password_data": "",
                            "placement_group": "",
                            "primary_network_interface_id": "eni-12491188",
                            "private_dns": "ip-172-31-39-236.ec2.internal",
                            "private_ip": "172.31.39.236",
                            "public_dns": "ec2-54-147-233-244.compute-1.amazonaws.com",
                            "public_ip": "54.147.233.244",
                            "root_block_device.#": "1",
                            "root_block_device.0.delete_on_termination": "true",
                            "root_block_device.0.iops": "100",
                            "root_block_device.0.volume_id": "vol-0f3d37711ffc06a33",
                            "root_block_device.0.volume_size": "20",
                            "root_block_device.0.volume_type": "gp2",
                            "security_groups.#": "1",
                            "security_groups.1225316666": "JUC2018_lab_sg",
                            "source_dest_check": "true",
                            "subnet_id": "subnet-0ff1c254",
                            "tags.%": "1",
                            "tags.Name": "JUC2018_lab_0",
                            "tenancy": "default",
                            "volume_tags.%": "0",
                            "vpc_security_group_ids.#": "1",
                            "vpc_security_group_ids.1617702456": "sg-7ab16231"
                        },
                        "meta": {
                            "e2bfb730-ecaa-11e6-8f88-34363bc7c4c0": {
                                "create": 600000000000,
                                "delete": 1200000000000,
                                "update": 600000000000
                            },
                            "schema_version": "1"
                        },
                        "tainted": false
                    },
                    "deposed": [],
                    "provider": "provider.aws"
                },
                "aws_instance.lab_node.1": {
                    "type": "aws_instance",
                    "depends_on": [
                        "aws_security_group.lab_sg"
                    ],
                    "primary": {
                        "id": "i-0d0778c9572d50cd8",
                        "attributes": {
                            "ami": "ami-e141029e",
                            "associate_public_ip_address": "true",
                            "availability_zone": "us-east-1d",
                            "credit_specification.#": "1",
                            "credit_specification.0.cpu_credits": "standard",
                            "disable_api_termination": "false",
                            "ebs_block_device.#": "0",
                            "ebs_optimized": "false",
                            "ephemeral_block_device.#": "0",
                            "get_password_data": "false",
                            "iam_instance_profile": "",
                            "id": "i-0d0778c9572d50cd8",
                            "instance_state": "running",
                            "instance_type": "t2.medium",
                            "ipv6_addresses.#": "0",
                            "key_name": "",
                            "monitoring": "false",
                            "network_interface.#": "0",
                            "network_interface_id": "eni-f5550d6f",
                            "password_data": "",
                            "placement_group": "",
                            "primary_network_interface_id": "eni-f5550d6f",
                            "private_dns": "ip-172-31-44-117.ec2.internal",
                            "private_ip": "172.31.44.117",
                            "public_dns": "ec2-34-227-95-162.compute-1.amazonaws.com",
                            "public_ip": "34.227.95.162",
                            "root_block_device.#": "1",
                            "root_block_device.0.delete_on_termination": "true",
                            "root_block_device.0.iops": "100",
                            "root_block_device.0.volume_id": "vol-074b1cb6d58d4510e",
                            "root_block_device.0.volume_size": "20",
                            "root_block_device.0.volume_type": "gp2",
                            "security_groups.#": "1",
                            "security_groups.1225316666": "JUC2018_lab_sg",
                            "source_dest_check": "true",
                            "subnet_id": "subnet-0ff1c254",
                            "tags.%": "1",
                            "tags.Name": "JUC2018_lab_1",
                            "tenancy": "default",
                            "volume_tags.%": "0",
                            "vpc_security_group_ids.#": "1",
                            "vpc_security_group_ids.1617702456": "sg-7ab16231"
                        },
                        "meta": {
                            "e2bfb730-ecaa-11e6-8f88-34363bc7c4c0": {
                                "create": 600000000000,
                                "delete": 1200000000000,
                                "update": 600000000000
                            },
                            "schema_version": "1"
                        },
                        "tainted": false
                    },
                    "deposed": [],
                    "provider": "provider.aws"
                },
                "aws_instance.lab_node.2": {
                    "type": "aws_instance",
                    "depends_on": [
                        "aws_security_group.lab_sg"
                    ],
                    "primary": {
                        "id": "i-031659383c893dba5",
                        "attributes": {
                            "ami": "ami-e141029e",
                            "associate_public_ip_address": "true",
                            "availability_zone": "us-east-1b",
                            "credit_specification.#": "1",
                            "credit_specification.0.cpu_credits": "standard",
                            "disable_api_termination": "false",
                            "ebs_block_device.#": "0",
                            "ebs_optimized": "false",
                            "ephemeral_block_device.#": "0",
                            "get_password_data": "false",
                            "iam_instance_profile": "",
                            "id": "i-031659383c893dba5",
                            "instance_state": "running",
                            "instance_type": "t2.medium",
                            "ipv6_addresses.#": "0",
                            "key_name": "",
                            "monitoring": "false",
                            "network_interface.#": "0",
                            "network_interface_id": "eni-044d1792",
                            "password_data": "",
                            "placement_group": "",
                            "primary_network_interface_id": "eni-044d1792",
                            "private_dns": "ip-172-31-64-222.ec2.internal",
                            "private_ip": "172.31.64.222",
                            "public_dns": "ec2-34-201-52-133.compute-1.amazonaws.com",
                            "public_ip": "34.201.52.133",
                            "root_block_device.#": "1",
                            "root_block_device.0.delete_on_termination": "true",
                            "root_block_device.0.iops": "100",
                            "root_block_device.0.volume_id": "vol-0413ee8f3a95effb9",
                            "root_block_device.0.volume_size": "20",
                            "root_block_device.0.volume_type": "gp2",
                            "security_groups.#": "1",
                            "security_groups.1225316666": "JUC2018_lab_sg",
                            "source_dest_check": "true",
                            "subnet_id": "subnet-aabeba87",
                            "tags.%": "1",
                            "tags.Name": "JUC2018_lab_2",
                            "tenancy": "default",
                            "volume_tags.%": "0",
                            "vpc_security_group_ids.#": "1",
                            "vpc_security_group_ids.1617702456": "sg-7ab16231"
                        },
                        "meta": {
                            "e2bfb730-ecaa-11e6-8f88-34363bc7c4c0": {
                                "create": 600000000000,
                                "delete": 1200000000000,
                                "update": 600000000000
                            },
                            "schema_version": "1"
                        },
                        "tainted": false
                    },
                    "deposed": [],
                    "provider": "provider.aws"
                },
                "aws_instance.lab_node.3": {
                    "type": "aws_instance",
                    "depends_on": [
                        "aws_security_group.lab_sg"
                    ],
                    "primary": {
                        "id": "i-05094b312619ce543",
                        "attributes": {
                            "ami": "ami-e141029e",
                            "associate_public_ip_address": "true",
                            "availability_zone": "us-east-1b",
                            "credit_specification.#": "1",
                            "credit_specification.0.cpu_credits": "standard",
                            "disable_api_termination": "false",
                            "ebs_block_device.#": "0",
                            "ebs_optimized": "false",
                            "ephemeral_block_device.#": "0",
                            "get_password_data": "false",
                            "iam_instance_profile": "",
                            "id": "i-05094b312619ce543",
                            "instance_state": "running",
                            "instance_type": "t2.medium",
                            "ipv6_addresses.#": "0",
                            "key_name": "",
                            "monitoring": "false",
                            "network_interface.#": "0",
                            "network_interface_id": "eni-a5461c33",
                            "password_data": "",
                            "placement_group": "",
                            "primary_network_interface_id": "eni-a5461c33",
                            "private_dns": "ip-172-31-67-155.ec2.internal",
                            "private_ip": "172.31.67.155",
                            "public_dns": "ec2-54-164-57-198.compute-1.amazonaws.com",
                            "public_ip": "54.164.57.198",
                            "root_block_device.#": "1",
                            "root_block_device.0.delete_on_termination": "true",
                            "root_block_device.0.iops": "100",
                            "root_block_device.0.volume_id": "vol-0eb8a8da0728fd4c4",
                            "root_block_device.0.volume_size": "20",
                            "root_block_device.0.volume_type": "gp2",
                            "security_groups.#": "1",
                            "security_groups.1225316666": "JUC2018_lab_sg",
                            "source_dest_check": "true",
                            "subnet_id": "subnet-aabeba87",
                            "tags.%": "1",
                            "tags.Name": "JUC2018_lab_3",
                            "tenancy": "default",
                            "volume_tags.%": "0",
                            "vpc_security_group_ids.#": "1",
                            "vpc_security_group_ids.1617702456": "sg-7ab16231"
                        },
                        "meta": {
                            "e2bfb730-ecaa-11e6-8f88-34363bc7c4c0": {
                                "create": 600000000000,
                                "delete": 1200000000000,
                                "update": 600000000000
                            },
                            "schema_version": "1"
                        },
                        "tainted": false
                    },
                    "deposed": [],
                    "provider": "provider.aws"
                },
                "aws_security_group.lab_sg": {
                    "type": "aws_security_group",
                    "depends_on": [],
                    "primary": {
                        "id": "sg-7ab16231",
                        "attributes": {
                            "arn": "arn:aws:ec2:us-east-1:377331541806:security-group/sg-7ab16231",
                            "description": "Managed by Terraform",
                            "egress.#": "2",
                            "egress.2214680975.cidr_blocks.#": "1",
                            "egress.2214680975.cidr_blocks.0": "0.0.0.0/0",
                            "egress.2214680975.description": "",
                            "egress.2214680975.from_port": "80",
                            "egress.2214680975.ipv6_cidr_blocks.#": "0",
                            "egress.2214680975.prefix_list_ids.#": "0",
                            "egress.2214680975.protocol": "tcp",
                            "egress.2214680975.security_groups.#": "0",
                            "egress.2214680975.self": "false",
                            "egress.2214680975.to_port": "80",
                            "egress.2617001939.cidr_blocks.#": "1",
                            "egress.2617001939.cidr_blocks.0": "0.0.0.0/0",
                            "egress.2617001939.description": "",
                            "egress.2617001939.from_port": "443",
                            "egress.2617001939.ipv6_cidr_blocks.#": "0",
                            "egress.2617001939.prefix_list_ids.#": "0",
                            "egress.2617001939.protocol": "tcp",
                            "egress.2617001939.security_groups.#": "0",
                            "egress.2617001939.self": "false",
                            "egress.2617001939.to_port": "443",
                            "id": "sg-7ab16231",
                            "ingress.#": "2",
                            "ingress.1740026394.cidr_blocks.#": "1",
                            "ingress.1740026394.cidr_blocks.0": "0.0.0.0/0",
                            "ingress.1740026394.description": "",
                            "ingress.1740026394.from_port": "10000",
                            "ingress.1740026394.ipv6_cidr_blocks.#": "0",
                            "ingress.1740026394.protocol": "tcp",
                            "ingress.1740026394.security_groups.#": "0",
                            "ingress.1740026394.self": "false",
                            "ingress.1740026394.to_port": "10000",
                            "ingress.2541437006.cidr_blocks.#": "1",
                            "ingress.2541437006.cidr_blocks.0": "0.0.0.0/0",
                            "ingress.2541437006.description": "",
                            "ingress.2541437006.from_port": "22",
                            "ingress.2541437006.ipv6_cidr_blocks.#": "0",
                            "ingress.2541437006.protocol": "tcp",
                            "ingress.2541437006.security_groups.#": "0",
                            "ingress.2541437006.self": "false",
                            "ingress.2541437006.to_port": "22",
                            "name": "JUC2018_lab_sg",
                            "owner_id": "377331541806",
                            "revoke_rules_on_delete": "false",
                            "tags.%": "0",
                            "vpc_id": "vpc-a5d986c3"
                        },
                        "meta": {
                            "e2bfb730-ecaa-11e6-8f88-34363bc7c4c0": {
                                "create": 600000000000,
                                "delete": 600000000000
                            },
                            "schema_version": "1"
                        },
                        "tainted": false
                    },
                    "deposed": [],
                    "provider": "provider.aws"
                }
            },
            "depends_on": []
        }
    ]
}
